<?xml version="1.0" encoding="UTF-8" standalone="yes"?>
<CodeBlocks_project_file>
<FileVersion major="1" minor="6" />
<Project>
<Option title="AC695N_soundbox" />
<Option compiler="pi32v2_r3_lto_compiler" />
<Build>
<Target title="Release">
<Option output="cpu/br23/tools/sdk.elf" prefix_auto="0" extension_auto="0" />
<Option object_output="obj/Release/" />
<Option type="1" />
<Option compiler="pi32v2_r3_lto_compiler" />
<Compiler>
<Add option="-Wuninitialized" />
<Add option="-Wno-invalid-noreturn" />
<Add option="-fno-common" />
<Add option="-integrated-as" />
<Add option="-Oz" />
<Add option="-g" />
<Add option="-flto" />
<Add option="-fallow-pointer-null" />
<Add option="-fprefer-gnu-section" />
<Add option="-Wno-shift-negative-value" />
<Add option="-Wundef" />
<Add option="-fms-extensions" />
<Add option="-DSUPPORT_MS_EXTENSIONS" />
<Add option="-DCONFIG_CPU_BR23" />
<Add option="-DCONFIG_RELEASE_ENABLE" />
<Add option="-DCONFIG_EQ_SUPPORT_ASYNC" />
<Add option="-DCONFIG_MIXER_CYCLIC" />
<Add option="-DCONFIG_FREE_RTOS_ENABLE" />
<Add option="-DSUPPORT_BLUETOOTH_PROFILE_RELEASE" />
<Add option="-DCONFIG_SOUNDBOX" />
<Add option="-DEVENT_HANDLER_NUM_CONFIG=2" />
<Add option="-DEVENT_TOUCH_ENABLE_CONFIG=0" />
<Add option="-DEVENT_POOL_SIZE_CONFIG=256" />
<Add option="-DCONFIG_EVENT_KEY_MAP_ENABLE=0" />
<Add option="-DTIMER_POOL_NUM_CONFIG=15" />
<Add option="-DAPP_ASYNC_POOL_NUM_CONFIG=0" />
<Add option="-DVFS_ENABLE=1" />
<Add option="-DUSE_SDFILE_NEW=1" />
<Add option="-DSDFILE_STORAGE=1" />
<Add option="-DVFS_FILE_POOL_NUM_CONFIG=1" />
<Add option="-DFS_VERSION=0x020001" />
<Add option="-DFATFS_VERSION=0x020101" />
<Add option="-DSDFILE_VERSION=0x020000" />
<Add option="-DVM_MAX_SIZE_CONFIG=64*1024" />
<Add option="-DVM_ITEM_MAX_NUM=256" />
<Add option="-DCONFIG_TWS_ENABLE" />
<Add option="-DCONFIG_SOUNDBOX_CASE_ENABLE" />
<Add option="-DAUDIO_REC_POOL_NUM=1" />
<Add option="-DAUDIO_DEC_POOL_NUM=3" />
<Add option="-DAUDIO_LOCAL_DEC_USE_MALLOC" />
<Add option="-DCONFIG_TONE_LOCK_BY_BT_TIME" />
<Add option="-DCONFIG_LMP_CONN_SUSPEND_ENABLE" />
<Add option="-DCONFIG_BTCTRLER_TASK_DEL_ENABLE" />
<Add option="-DCONFIG_UPDATA_ENABLE" />
<Add option="-DCONFIG_OTA_UPDATA_ENABLE" />
<Add option="-DCONFIG_ITEM_FORMAT_VM" />
<Add option="-DCONFIG_MMU_ENABLE" />
<Add option="-DCONFIG_SBC_CODEC_HW" />
<Add option="-DCONFIG_MSBC_CODEC_HW" />
<Add option="-DCONFIG_AEC_M=640" />
<Add option="-DCONFIG_AUDIO_ONCHIP" />
<Add option="-DCONFIG_MEDIA_DEVELOP_ENABLE" />
<Add option="-DCONFIG_MEDIA_EFFECT_DISABLE" />
<Add option="-D__GCC_PI32V2__" />
<Add option="-DCONFIG_NEW_ECC_ENABLE" />
<Add directory="include_lib" />
<Add directory="include_lib/driver" />
<Add directory="include_lib/driver/device" />
<Add directory="include_lib/driver/cpu/br23" />
<Add directory="include_lib/system" />
<Add directory="include_lib/system/generic" />
<Add directory="include_lib/system/device" />
<Add directory="include_lib/system/fs" />
<Add directory="include_lib/system/ui" />
<Add directory="include_lib/btctrler" />
<Add directory="include_lib/btctrler/port/br23" />
<Add directory="include_lib/update" />
<Add directory="include_lib/agreement" />
<Add directory="include_lib/btstack/third_party/common" />
<Add directory="include_lib/btstack/third_party/rcsp" />
<Add directory="include_lib/media/media_develop" />
<Add directory="include_lib/media/media_develop/media" />
<Add directory="include_lib/media/media_develop/media/cpu/br23" />
<Add directory="include_lib/media/media_develop/media/cpu/br23/asm" />
<Add directory="cpu/br23/audio_mic" />
<Add directory="apps/soundbox/include" />
<Add directory="apps/soundbox/include/task_manager" />
<Add directory="apps/soundbox/include/task_manager/bt" />
<Add directory="apps/soundbox/include/user_api" />
<Add directory="apps/common" />
<Add directory="apps/common/device" />
<Add directory="apps/common/audio" />
<Add directory="apps/common/audio/stream" />
<Add directory="apps/common/power_manage" />
<Add directory="apps/common/charge_box" />
<Add directory="apps/common/third_party_profile/common" />
<Add directory="apps/common/third_party_profile/jieli" />
<Add directory="apps/common/third_party_profile/jieli/trans_data_demo" />
<Add directory="apps/common/third_party_profile/jieli/online_db" />
<Add directory="apps/common/third_party_profile/jieli/JL_rcsp" />
<Add directory="apps/common/third_party_profile/jieli/JL_rcsp/rcsp_updata" />
<Add directory="apps/common/third_party_profile/jieli/JL_rcsp/bt_trans_data" />
<Add directory="apps/common/third_party_profile/jieli/JL_rcsp/adv_rcsp_protocol" />
<Add directory="apps/common/third_party_profile/jieli/JL_rcsp/adv_app_setting" />
<Add directory="apps/common/dev_manager" />
<Add directory="apps/common/file_operate" />
<Add directory="apps/common/music" />
<Add directory="apps/common/include" />
<Add directory="apps/common/config/include" />
<Add directory="apps/soundbox/board/br23" />
<Add directory="cpu/br23" />
<Add directory="cpu/br23/audio_common" />
<Add directory="cpu/br23/audio_dec" />
<Add directory="cpu/br23/audio_enc" />
<Add directory="cpu/br23/audio_effect" />
<Add directory="cpu/br23/localtws" />
<Add directory="include_lib/btstack/third_party/baidu" />
<Add directory="include_lib/btstack" />
<Add directory="apps/common/third_party_profile/tm_gma_protocol" />
<Add directory="apps/common/third_party_profile/dma_deal" />
<Add directory="apps/common/usb" />
<Add directory="apps/common/usb/device" />
<Add directory="apps/common/usb/host" />
<Add directory="apps/soundbox/smartbox" />
<Add directory="apps/soundbox/smartbox/bt_manage/bt_trans_data" />
<Add directory="apps/soundbox/smartbox/bt_manage" />
<Add directory="apps/soundbox/smartbox/smartbox_setting" />
<Add directory="apps/soundbox/smartbox/smartbox_setting/smartbox_misc_setting" />
<Add directory="apps/soundbox/smartbox/smartbox_setting_opt" />
<Add directory="apps/soundbox/smartbox/smartbox_update" />
<Add directory="apps/soundbox/smartbox/file_transfer" />
<Add directory="apps/soundbox/include/third_party_profile/gma" />
<Add directory="apps/soundbox/include/third_party_profile/dma" />
<Add directory="apps/soundbox/include/ui/color_led" />
</Compiler>
<Linker>
<Add option="--plugin-opt=-pi32v2-always-use-itblock=false" />
<Add option="--plugin-opt=-enable-ipra=true" />
<Add option="--plugin-opt=-pi32v2-merge-max-offset=4096" />
<Add option="--plugin-opt=-pi32v2-enable-simd=true" />
<Add option="--plugin-opt=mcpu=r3" />
<Add option="--plugin-opt=-global-merge-on-const" />
<Add option="--plugin-opt=-inline-threshold=5" />
<Add option="--plugin-opt=-inline-max-allocated-size=32" />
<Add option="--plugin-opt=-inline-normal-into-special-section=true" />
<Add option="--plugin-opt=-dont-used-symbol-list=malloc,free,sprintf,printf,puts,putchar" />
<Add option="--plugin-opt=save-temps" />
<Add option="--plugin-opt=-pi32v2-enable-rep-memop" />
<Add option="--sort-common" />
<Add option="--dont-complain-call-overflow" />
<Add option="--plugin-opt=-used-symbol-file=cpu/br23/sdk_used_list.used" />
<Add option="--gc-sections" />
<Add option="--start-group" />
<Add option="include_lib/liba/br23/cpu.a" />
<Add option="include_lib/liba/br23/system.a" />
<Add option="include_lib/liba/br23/aec.a" />
<Add option="include_lib/liba/br23/media.a" />
<Add option="include_lib/liba/br23/media_app.a" />
<Add option="include_lib/liba/br23/libAptFilt_pi32v2_OnChip.a" />
<Add option="include_lib/liba/br23/libEchoSuppress_pi32v2_OnChip.a" />
<Add option="include_lib/liba/br23/libNoiseSuppress_pi32v2_OnChip.a" />
<Add option="include_lib/liba/br23/libSplittingFilter_pi32v2_OnChip.a" />
<Add option="include_lib/liba/br23/libDelayEstimate_pi32v2_OnChip.a" />
<Add option="include_lib/liba/br23/libSingleMicSystem_pi32v2_OnChip.a" />
<Add option="include_lib/liba/br23/libSMS_TDE_pi32v2_OnChip.a" />
<Add option="include_lib/liba/br23/lib_esco_repair.a" />
<Add option="include_lib/liba/br23/mp3_dec_lib.a" />
<Add option="include_lib/liba/br23/mp3tsy_dec_lib.a" />
<Add option="include_lib/liba/br23/wma_dec_lib.a" />
<Add option="include_lib/liba/br23/wtg_dec_lib.a" />
<Add option="include_lib/liba/br23/wtgv2_dec_lib.a" />
<Add option="include_lib/liba/br23/wav_dec_lib.a" />
<Add option="include_lib/liba/br23/flac_dec_lib.a" />
<Add option="include_lib/liba/br23/ape_dec_lib.a" />
<Add option="include_lib/liba/br23/m4a_tws_lib.a" />
<Add option="include_lib/liba/br23/amr_dec_lib.a" />
<Add option="include_lib/liba/br23/dts_dec_lib.a" />
<Add option="include_lib/liba/br23/mp3_decstream_lib.a" />
<Add option="include_lib/liba/br23/wma_decstream_lib.a" />
<Add option="include_lib/liba/br23/sbc_eng_lib.a" />
<Add option="include_lib/liba/br23/compressor.a" />
<Add option="include_lib/liba/br23/crossover_coff.a" />
<Add option="include_lib/liba/br23/limiter.a" />
<Add option="include_lib/liba/br23/lib_mp2_code.a" />
<Add option="include_lib/liba/br23/lib_adpcm_code.a" />
<Add option="include_lib/liba/br23/mp3_enc_lib.a" />
<Add option="include_lib/liba/br23/opus_enc_lib.a" />
<Add option="include_lib/liba/br23/speex_enc_lib.a" />
<Add option="include_lib/liba/br23/lib_pitchshifter.a" />
<Add option="include_lib/liba/br23/lib_pitch_speed.a" />
<Add option="include_lib/liba/br23/lib_reverb_cal.a" />
<Add option="include_lib/liba/br23/lib_rmono2stereo.a" />
<Add option="include_lib/liba/br23/bfilterfun_lib.a" />
<Add option="include_lib/liba/br23/libFFT_pi32v2_OnChip.a" />
<Add option="include_lib/liba/br23/libOpcore_maskrom_pi32v2_OnChip.a" />
<Add option="include_lib/liba/br23/lib_resample_cal.a" />
<Add option="include_lib/liba/br23/lib_resample_fast_cal.a" />
<Add option="include_lib/liba/br23/crypto_toolbox_Ospeed.a" />
<Add option="include_lib/liba/br23/lib_g726_decode.a" />
<Add option="include_lib/liba/br23/lib_g726_code.a" />
<Add option="include_lib/liba/br23/limiter_noiseGate.a" />
<Add option="include_lib/liba/br23/howling.a" />
<Add option="include_lib/liba/br23/noisegate.a" />
<Add option="include_lib/liba/br23/shiftPhase.a" />
<Add option="include_lib/liba/br23/pemafrow.a" />
<Add option="include_lib/liba/br23/lib_howlings_phf.a" />
<Add option="include_lib/liba/br23/math.a" />
<Add option="include_lib/liba/br23/bt_hash_enc.a" />
<Add option="include_lib/liba/br23/filtparam_cal_lib.a" />
<Add option="include_lib/liba/br23/agreement.a" />
<Add option="include_lib/liba/br23/lib_sur_cal.a" />
<Add option="include_lib/liba/br23/lib_vbass_cal.a" />
<Add option="include_lib/liba/br23/loudness.a" />
<Add option="include_lib/liba/br23/rcsp_stack.a" />
<Add option="include_lib/liba/br23/lib_usbaudio_plc.a" />
<Add option="include_lib/liba/br23/coeff_calculate.a" />
<Add option="include_lib/liba/br23/rms.a" />
<Add option="include_lib/liba/br23/SpectrumShow.a" />
<Add option="include_lib/liba/br23/lib_midi_dec.a" />
<Add option="include_lib/liba/br23/btstack.a" />
<Add option="include_lib/liba/br23/btctrler.a" />
<Add option="--end-group" />
<Add option="include_lib/liba/br23/update.a" />
<Add option="include_lib/liba/br23/res.a" />
<Add option="include_lib/liba/br23/ui_dot.a" />
<Add option="include_lib/liba/br23/ui_s.a" />
<Add option="include_lib/liba/br23/font.a" />
<Add option="-Tcpu/br23/sdk.ld" />
<Add option="-M=cpu/br23/tools/sdk.map" />
<Add library="C:\JL\pi32\pi32v2-lib\r3\libm.a" />
</Linker>
<ExtraCommands>
<Add before="$compiler $options $includes -D__LD__ -E -P cpu\br23\sdk_used_list.c -o cpu\br23\sdk_used_list.used" />
<Add before="$compiler $options $includes -D__LD__ -E -P cpu\br23\sdk_ld.c -o cpu\br23\sdk.ld" />
<Add before="$compiler $options $includes -D__LD__ -E -P cpu\br23\tools\download.c -o cpu\br23\tools\download.bat" />
<Mode before="always" />
<Add after="cpu\br23\tools\download.bat sdk" />
<Mode after="always" />
</ExtraCommands>
</Target>
</Build>
<Unit filename="apps/common/audio/audio_digital_vol.c"><Option compilerVer="CC"/></Unit>
<Unit filename="apps/common/audio/audio_digital_vol.h" />
<Unit filename="apps/common/audio/decode/audio_key_tone.c"><Option compilerVer="CC"/></Unit>
<Unit filename="apps/common/audio/decode/decode.c"><Option compilerVer="CC"/></Unit>
<Unit filename="apps/common/audio/encode/encode_write.h" />
<Unit filename="apps/common/audio/encode/encode_write_file.c"><Option compilerVer="CC"/></Unit>
<Unit filename="apps/common/audio/sine_make.c"><Option compilerVer="CC"/></Unit>
<Unit filename="apps/common/audio/sine_make.h" />
<Unit filename="apps/common/audio/stream/stream_entry.c"><Option compilerVer="CC"/></Unit>
<Unit filename="apps/common/audio/stream/stream_entry.h" />
<Unit filename="apps/common/audio/stream/stream_src.c"><Option compilerVer="CC"/></Unit>
<Unit filename="apps/common/audio/stream/stream_src.h" />
<Unit filename="apps/common/audio/stream/stream_sync.c"><Option compilerVer="CC"/></Unit>
<Unit filename="apps/common/audio/stream/stream_sync.h" />
<Unit filename="apps/common/audio/uartPcmSender.c"><Option compilerVer="CC"/></Unit>
<Unit filename="apps/common/bt_common/bt_test_api.c"><Option compilerVer="CC"/></Unit>
<Unit filename="apps/common/charge_box/chargeIc_manage.c"><Option compilerVer="CC"/></Unit>
<Unit filename="apps/common/charge_box/chargeIc_manage.h" />
<Unit filename="apps/common/charge_box/chgbox_box.c"><Option compilerVer="CC"/></Unit>
<Unit filename="apps/common/charge_box/chgbox_box.h" />
<Unit filename="apps/common/charge_box/chgbox_ctrl.c"><Option compilerVer="CC"/></Unit>
<Unit filename="apps/common/charge_box/chgbox_ctrl.h" />
<Unit filename="apps/common/charge_box/chgbox_det.c"><Option compilerVer="CC"/></Unit>
<Unit filename="apps/common/charge_box/chgbox_det.h" />
<Unit filename="apps/common/charge_box/chgbox_handshake.c"><Option compilerVer="CC"/></Unit>
<Unit filename="apps/common/charge_box/chgbox_handshake.h" />
<Unit filename="apps/common/charge_box/chgbox_ui.c"><Option compilerVer="CC"/></Unit>
<Unit filename="apps/common/charge_box/chgbox_ui.h" />
<Unit filename="apps/common/charge_box/chgbox_ui_drv_pwmled.c"><Option compilerVer="CC"/></Unit>
<Unit filename="apps/common/charge_box/chgbox_ui_drv_timer.c"><Option compilerVer="CC"/></Unit>
<Unit filename="apps/common/charge_box/chgbox_wireless.c"><Option compilerVer="CC"/></Unit>
<Unit filename="apps/common/charge_box/chgbox_wireless.h" />
<Unit filename="apps/common/config/app_config.c"><Option compilerVer="CC"/></Unit>
<Unit filename="apps/common/config/bt_profile_config.c"><Option compilerVer="CC"/></Unit>
<Unit filename="apps/common/config/ci_transport_uart.c"><Option compilerVer="CC"/></Unit>
<Unit filename="apps/common/config/include/bt_profile_cfg.h" />
<Unit filename="apps/common/debug/debug.c"><Option compilerVer="CC"/></Unit>
<Unit filename="apps/common/debug/debug_lite.c"><Option compilerVer="CC"/></Unit>
<Unit filename="apps/common/dev_manager/dev_manager.c"><Option compilerVer="CC"/></Unit>
<Unit filename="apps/common/dev_manager/dev_manager.h" />
<Unit filename="apps/common/dev_manager/dev_reg.c"><Option compilerVer="CC"/></Unit>
<Unit filename="apps/common/dev_manager/dev_reg.h" />
<Unit filename="apps/common/dev_manager/dev_update.c"><Option compilerVer="CC"/></Unit>
<Unit filename="apps/common/dev_manager/dev_update.h" />
<Unit filename="apps/common/device/detection.c"><Option compilerVer="CC"/></Unit>
<Unit filename="apps/common/device/fm/bk1080/BK1080.h" />
<Unit filename="apps/common/device/fm/bk1080/Bk1080.c"><Option compilerVer="CC"/></Unit>
<Unit filename="apps/common/device/fm/fm_inside/fm_inside.c"><Option compilerVer="CC"/></Unit>
<Unit filename="apps/common/device/fm/fm_inside/fm_inside.h" />
<Unit filename="apps/common/device/fm/fm_manage.c"><Option compilerVer="CC"/></Unit>
<Unit filename="apps/common/device/fm/qn8035/QN8035.c"><Option compilerVer="CC"/></Unit>
<Unit filename="apps/common/device/fm/qn8035/QN8035.h" />
<Unit filename="apps/common/device/fm/rda5807/RDA5807.c"><Option compilerVer="CC"/></Unit>
<Unit filename="apps/common/device/fm/rda5807/RDA5807.h" />
<Unit filename="apps/common/device/fm_emitter/ac3433/ac3433.c"><Option compilerVer="CC"/></Unit>
<Unit filename="apps/common/device/fm_emitter/ac3433/ac3433.h" />
<Unit filename="apps/common/device/fm_emitter/fm_emitter_manage.c"><Option compilerVer="CC"/></Unit>
<Unit filename="apps/common/device/fm_emitter/fm_inside/fm_emitter_inside.c"><Option compilerVer="CC"/></Unit>
<Unit filename="apps/common/device/fm_emitter/fm_inside/fm_emitter_inside.h" />
<Unit filename="apps/common/device/fm_emitter/qn8007/qn8007.c"><Option compilerVer="CC"/></Unit>
<Unit filename="apps/common/device/fm_emitter/qn8007/qn8007.h" />
<Unit filename="apps/common/device/fm_emitter/qn8027/qn8027.c"><Option compilerVer="CC"/></Unit>
<Unit filename="apps/common/device/fm_emitter/qn8027/qn8027.h" />
<Unit filename="apps/common/device/gSensor/EPMotion.h" />
<Unit filename="apps/common/device/gSensor/SC7A20.c"><Option compilerVer="CC"/></Unit>
<Unit filename="apps/common/device/gSensor/SC7A20.h" />
<Unit filename="apps/common/device/gSensor/da230.c"><Option compilerVer="CC"/></Unit>
<Unit filename="apps/common/device/gSensor/da230.h" />
<Unit filename="apps/common/device/gSensor/gSensor_manage.c"><Option compilerVer="CC"/></Unit>
<Unit filename="apps/common/device/gSensor/gSensor_manage.h" />
<Unit filename="apps/common/device/gSensor/mira_std.h" />
<Unit filename="apps/common/device/nandflash/nandflash.c"><Option compilerVer="CC"/></Unit>
<Unit filename="apps/common/device/norflash/norflash.c"><Option compilerVer="CC"/></Unit>
<Unit filename="apps/common/fat_nor/nor_fs.c"><Option compilerVer="CC"/></Unit>
<Unit filename="apps/common/fat_nor/phone_rec_fs.c"><Option compilerVer="CC"/></Unit>
<Unit filename="apps/common/fat_nor/virfat_flash.c"><Option compilerVer="CC"/></Unit>
<Unit filename="apps/common/file_operate/file_api.c"><Option compilerVer="CC"/></Unit>
<Unit filename="apps/common/file_operate/file_bs_deal.c"><Option compilerVer="CC"/></Unit>
<Unit filename="apps/common/file_operate/file_bs_deal.h" />
<Unit filename="apps/common/file_operate/file_manager.c"><Option compilerVer="CC"/></Unit>
<Unit filename="apps/common/file_operate/file_manager.h" />
<Unit filename="apps/common/iap/iAP_des.c"><Option compilerVer="CC"/></Unit>
<Unit filename="apps/common/iap/iAP_device.c"><Option compilerVer="CC"/></Unit>
<Unit filename="apps/common/iap/iAP_iic.c"><Option compilerVer="CC"/></Unit>
<Unit filename="apps/common/include/bt_common.h" />
<Unit filename="apps/common/include/nandflash.h" />
<Unit filename="apps/common/include/norflash.h" />
<Unit filename="apps/common/include/standard_hid.h" />
<Unit filename="apps/common/include/update_tws.h" />
<Unit filename="apps/common/key/adkey.c"><Option compilerVer="CC"/></Unit>
<Unit filename="apps/common/key/adkey_rtcvdd.c"><Option compilerVer="CC"/></Unit>
<Unit filename="apps/common/key/ctmu_touch_key.c"><Option compilerVer="CC"/></Unit>
<Unit filename="apps/common/key/iokey.c"><Option compilerVer="CC"/></Unit>
<Unit filename="apps/common/key/irkey.c"><Option compilerVer="CC"/></Unit>
<Unit filename="apps/common/key/key_driver.c"><Option compilerVer="CC"/></Unit>
<Unit filename="apps/common/key/rdec_key.c"><Option compilerVer="CC"/></Unit>
<Unit filename="apps/common/key/slidekey.c"><Option compilerVer="CC"/></Unit>
<Unit filename="apps/common/key/touch_key.c"><Option compilerVer="CC"/></Unit>
<Unit filename="apps/common/music/breakpoint.c"><Option compilerVer="CC"/></Unit>
<Unit filename="apps/common/music/breakpoint.h" />
<Unit filename="apps/common/music/general_player.c"><Option compilerVer="CC"/></Unit>
<Unit filename="apps/common/music/general_player.h" />
<Unit filename="apps/common/music/music_decrypt.c"><Option compilerVer="CC"/></Unit>
<Unit filename="apps/common/music/music_decrypt.h" />
<Unit filename="apps/common/music/music_id3.c"><Option compilerVer="CC"/></Unit>
<Unit filename="apps/common/music/music_id3.h" />
<Unit filename="apps/common/music/music_player.c"><Option compilerVer="CC"/></Unit>
<Unit filename="apps/common/music/music_player.h" />
<Unit filename="apps/common/rec_nor/nor_interface.c"><Option compilerVer="CC"/></Unit>
<Unit filename="apps/common/rec_nor/nor_interface.h" />
<Unit filename="apps/common/rec_nor/nor_rec_fs.c"><Option compilerVer="CC"/></Unit>
<Unit filename="apps/common/rec_nor/nor_rec_fs.h" />
<Unit filename="apps/common/storage_dev/storage_dev.h" />
<Unit filename="apps/common/third_party_profile/common/3th_profile_api.c"><Option compilerVer="CC"/></Unit>
<Unit filename="apps/common/third_party_profile/common/3th_profile_api.h" />
<Unit filename="apps/common/third_party_profile/common/custom_cfg.c"><Option compilerVer="CC"/></Unit>
<Unit filename="apps/common/third_party_profile/common/custom_cfg.h" />
<Unit filename="apps/common/third_party_profile/common/mic_rec.c"><Option compilerVer="CC"/></Unit>
<Unit filename="apps/common/third_party_profile/dma_deal/dma_deal.c"><Option compilerVer="CC"/></Unit>
<Unit filename="apps/common/third_party_profile/dma_deal/dma_deal.h" />
<Unit filename="apps/common/third_party_profile/dma_deal/dueros_spp_user.c"><Option compilerVer="CC"/></Unit>
<Unit filename="apps/common/third_party_profile/dma_deal/le_dueros_dma.c"><Option compilerVer="CC"/></Unit>
<Unit filename="apps/common/third_party_profile/dma_deal/le_dueros_dma.h" />
<Unit filename="apps/common/third_party_profile/jieli/JL_rcsp/adv_app_setting/adv_bt_name_setting.c"><Option compilerVer="CC"/></Unit>
<Unit filename="apps/common/third_party_profile/jieli/JL_rcsp/adv_app_setting/adv_bt_name_setting.h" />
<Unit filename="apps/common/third_party_profile/jieli/JL_rcsp/adv_app_setting/adv_eq_setting.h" />
<Unit filename="apps/common/third_party_profile/jieli/JL_rcsp/adv_app_setting/adv_high_low_vol.h" />
<Unit filename="apps/common/third_party_profile/jieli/JL_rcsp/adv_app_setting/adv_key_setting.c"><Option compilerVer="CC"/></Unit>
<Unit filename="apps/common/third_party_profile/jieli/JL_rcsp/adv_app_setting/adv_key_setting.h" />
<Unit filename="apps/common/third_party_profile/jieli/JL_rcsp/adv_app_setting/adv_led_setting.c"><Option compilerVer="CC"/></Unit>
<Unit filename="apps/common/third_party_profile/jieli/JL_rcsp/adv_app_setting/adv_led_setting.h" />
<Unit filename="apps/common/third_party_profile/jieli/JL_rcsp/adv_app_setting/adv_mic_setting.c"><Option compilerVer="CC"/></Unit>
<Unit filename="apps/common/third_party_profile/jieli/JL_rcsp/adv_app_setting/adv_mic_setting.h" />
<Unit filename="apps/common/third_party_profile/jieli/JL_rcsp/adv_app_setting/adv_setting_common.h" />
<Unit filename="apps/common/third_party_profile/jieli/JL_rcsp/adv_app_setting/adv_time_stamp_setting.c"><Option compilerVer="CC"/></Unit>
<Unit filename="apps/common/third_party_profile/jieli/JL_rcsp/adv_app_setting/adv_time_stamp_setting.h" />
<Unit filename="apps/common/third_party_profile/jieli/JL_rcsp/adv_app_setting/adv_work_setting.c"><Option compilerVer="CC"/></Unit>
<Unit filename="apps/common/third_party_profile/jieli/JL_rcsp/adv_app_setting/adv_work_setting.h" />
<Unit filename="apps/common/third_party_profile/jieli/JL_rcsp/adv_rcsp_protocol/rcsp_adv_bluetooth.h" />
<Unit filename="apps/common/third_party_profile/jieli/JL_rcsp/adv_rcsp_protocol/rcsp_adv_opt.c"><Option compilerVer="CC"/></Unit>
<Unit filename="apps/common/third_party_profile/jieli/JL_rcsp/adv_rcsp_protocol/rcsp_adv_opt.h" />
<Unit filename="apps/common/third_party_profile/jieli/JL_rcsp/adv_rcsp_protocol/rcsp_adv_tws_sync.c"><Option compilerVer="CC"/></Unit>
<Unit filename="apps/common/third_party_profile/jieli/JL_rcsp/adv_rcsp_protocol/rcsp_adv_tws_sync.h" />
<Unit filename="apps/common/third_party_profile/jieli/JL_rcsp/bt_trans_data/le_rcsp_adv_module.h" />
<Unit filename="apps/common/third_party_profile/jieli/JL_rcsp/btcrypt.h" />
<Unit filename="apps/common/third_party_profile/jieli/JL_rcsp/rcsp_bluetooth.h" />
<Unit filename="apps/common/third_party_profile/jieli/JL_rcsp/rcsp_msg.h" />
<Unit filename="apps/common/third_party_profile/jieli/JL_rcsp/rcsp_updata/rcsp_adv_user_update.c"><Option compilerVer="CC"/></Unit>
<Unit filename="apps/common/third_party_profile/jieli/JL_rcsp/rcsp_updata/rcsp_adv_user_update.h" />
<Unit filename="apps/common/third_party_profile/jieli/hid_user.c"><Option compilerVer="CC"/></Unit>
<Unit filename="apps/common/third_party_profile/jieli/hid_user.h" />
<Unit filename="apps/common/third_party_profile/jieli/le_client_demo.c"><Option compilerVer="CC"/></Unit>
<Unit filename="apps/common/third_party_profile/jieli/le_client_demo.h" />
<Unit filename="apps/common/third_party_profile/jieli/le_common.h" />
<Unit filename="apps/common/third_party_profile/jieli/online_db/online_db_deal.c"><Option compilerVer="CC"/></Unit>
<Unit filename="apps/common/third_party_profile/jieli/online_db/online_db_deal.h" />
<Unit filename="apps/common/third_party_profile/jieli/online_db/spp_online_db.c"><Option compilerVer="CC"/></Unit>
<Unit filename="apps/common/third_party_profile/jieli/online_db/spp_online_db.h" />
<Unit filename="apps/common/third_party_profile/jieli/trans_data_demo/le_trans_data.c"><Option compilerVer="CC"/></Unit>
<Unit filename="apps/common/third_party_profile/jieli/trans_data_demo/le_trans_data.h" />
<Unit filename="apps/common/third_party_profile/jieli/trans_data_demo/spp_trans_data.c"><Option compilerVer="CC"/></Unit>
<Unit filename="apps/common/third_party_profile/jieli/trans_data_demo/spp_trans_data.h" />
<Unit filename="apps/common/third_party_profile/tm_gma_protocol/gma.h" />
<Unit filename="apps/common/third_party_profile/tm_gma_protocol/gma_license.c"><Option compilerVer="CC"/></Unit>
<Unit filename="apps/common/third_party_profile/tm_gma_protocol/gma_license.h" />
<Unit filename="apps/common/third_party_profile/tm_gma_protocol/gma_spp_user.c"><Option compilerVer="CC"/></Unit>
<Unit filename="apps/common/third_party_profile/tm_gma_protocol/gma_spp_user.h" />
<Unit filename="apps/common/third_party_profile/tm_gma_protocol/le_gma.c"><Option compilerVer="CC"/></Unit>
<Unit filename="apps/common/third_party_profile/tm_gma_protocol/le_gma.h" />
<Unit filename="apps/common/third_party_profile/tm_gma_protocol/tm_gma_deal.c"><Option compilerVer="CC"/></Unit>
<Unit filename="apps/common/ui/lcd/lcd_ui_api.c"><Option compilerVer="CC"/></Unit>
<Unit filename="apps/common/ui/lcd_simple/lcd_simple_api.c"><Option compilerVer="CC"/></Unit>
<Unit filename="apps/common/ui/lcd_simple/ui.c"><Option compilerVer="CC"/></Unit>
<Unit filename="apps/common/ui/lcd_simple/ui_mainmenu.c"><Option compilerVer="CC"/></Unit>
<Unit filename="apps/common/ui/led7/led7_ui_api.c"><Option compilerVer="CC"/></Unit>
<Unit filename="apps/common/update/norflash_ufw_update.c"><Option compilerVer="CC"/></Unit>
<Unit filename="apps/common/update/norflash_update.c"><Option compilerVer="CC"/></Unit>
<Unit filename="apps/common/update/testbox_update.c"><Option compilerVer="CC"/></Unit>
<Unit filename="apps/common/update/uart_update.c"><Option compilerVer="CC"/></Unit>
<Unit filename="apps/common/update/uart_update_master.c"><Option compilerVer="CC"/></Unit>
<Unit filename="apps/common/update/update.c"><Option compilerVer="CC"/></Unit>
<Unit filename="apps/common/usb/device/cdc.c"><Option compilerVer="CC"/></Unit>
<Unit filename="apps/common/usb/device/cdc.h" />
<Unit filename="apps/common/usb/device/cdc_defs.h" />
<Unit filename="apps/common/usb/device/descriptor.c"><Option compilerVer="CC"/></Unit>
<Unit filename="apps/common/usb/device/hid.c"><Option compilerVer="CC"/></Unit>
<Unit filename="apps/common/usb/device/msd.c"><Option compilerVer="CC"/></Unit>
<Unit filename="apps/common/usb/device/msd_upgrade.c"><Option compilerVer="CC"/></Unit>
<Unit filename="apps/common/usb/device/task_pc.c"><Option compilerVer="CC"/></Unit>
<Unit filename="apps/common/usb/device/uac1.c"><Option compilerVer="CC"/></Unit>
<Unit filename="apps/common/usb/device/uac_stream.c"><Option compilerVer="CC"/></Unit>
<Unit filename="apps/common/usb/device/uac_stream.h" />
<Unit filename="apps/common/usb/device/usb_device.c"><Option compilerVer="CC"/></Unit>
<Unit filename="apps/common/usb/device/user_setup.c"><Option compilerVer="CC"/></Unit>
<Unit filename="apps/common/usb/host/adb.c"><Option compilerVer="CC"/></Unit>
<Unit filename="apps/common/usb/host/adb.h" />
<Unit filename="apps/common/usb/host/aoa.c"><Option compilerVer="CC"/></Unit>
<Unit filename="apps/common/usb/host/aoa.h" />
<Unit filename="apps/common/usb/host/apple_mfi.c"><Option compilerVer="CC"/></Unit>
<Unit filename="apps/common/usb/host/audio.c"><Option compilerVer="CC"/></Unit>
<Unit filename="apps/common/usb/host/audio.h" />
<Unit filename="apps/common/usb/host/audio_demo.c"><Option compilerVer="CC"/></Unit>
<Unit filename="apps/common/usb/host/hid.c"><Option compilerVer="CC"/></Unit>
<Unit filename="apps/common/usb/host/hid.h" />
<Unit filename="apps/common/usb/host/usb_bulk_transfer.c"><Option compilerVer="CC"/></Unit>
<Unit filename="apps/common/usb/host/usb_bulk_transfer.h" />
<Unit filename="apps/common/usb/host/usb_ctrl_transfer.c"><Option compilerVer="CC"/></Unit>
<Unit filename="apps/common/usb/host/usb_ctrl_transfer.h" />
<Unit filename="apps/common/usb/host/usb_hid_keys.h" />
<Unit filename="apps/common/usb/host/usb_host.c"><Option compilerVer="CC"/></Unit>
<Unit filename="apps/common/usb/host/usb_storage.c"><Option compilerVer="CC"/></Unit>
<Unit filename="apps/common/usb/host/usb_storage.h" />
<Unit filename="apps/common/usb/usb_common_def.h" />
<Unit filename="apps/common/usb/usb_config.c"><Option compilerVer="CC"/></Unit>
<Unit filename="apps/common/usb/usb_config.h" />
<Unit filename="apps/common/usb/usb_host_config.c"><Option compilerVer="CC"/></Unit>
<Unit filename="apps/common/usb/usb_std_class_def.h" />
<Unit filename="apps/soundbox/aec/br23/audio_aec.c"><Option compilerVer="CC"/></Unit>
<Unit filename="apps/soundbox/app_main.c"><Option compilerVer="CC"/></Unit>
<Unit filename="apps/soundbox/board/br23/board_ac6083a/board_ac6083a.c"><Option compilerVer="CC"/></Unit>
<Unit filename="apps/soundbox/board/br23/board_ac6083a/board_ac6083a_cfg.h" />
<Unit filename="apps/soundbox/board/br23/board_ac6083a/key_table/adkey_table.c"><Option compilerVer="CC"/></Unit>
<Unit filename="apps/soundbox/board/br23/board_ac6083a/key_table/iokey_table.c"><Option compilerVer="CC"/></Unit>
<Unit filename="apps/soundbox/board/br23/board_ac6083a/key_table/irkey_table.c"><Option compilerVer="CC"/></Unit>
<Unit filename="apps/soundbox/board/br23/board_ac6083a/key_table/rdec_key_table.c"><Option compilerVer="CC"/></Unit>
<Unit filename="apps/soundbox/board/br23/board_ac6083a/key_table/touch_key_table.c"><Option compilerVer="CC"/></Unit>
<Unit filename="apps/soundbox/board/br23/board_ac6083a_iap/board_ac6083a_iap.c"><Option compilerVer="CC"/></Unit>
<Unit filename="apps/soundbox/board/br23/board_ac6083a_iap/board_ac6083a_iap_cfg.h" />
<Unit filename="apps/soundbox/board/br23/board_ac6083a_iap/key_table/adkey_table.c"><Option compilerVer="CC"/></Unit>
<Unit filename="apps/soundbox/board/br23/board_ac6083a_iap/key_table/iokey_table.c"><Option compilerVer="CC"/></Unit>
<Unit filename="apps/soundbox/board/br23/board_ac6083a_iap/key_table/irkey_table.c"><Option compilerVer="CC"/></Unit>
<Unit filename="apps/soundbox/board/br23/board_ac6083a_iap/key_table/rdec_key_table.c"><Option compilerVer="CC"/></Unit>
<Unit filename="apps/soundbox/board/br23/board_ac6083a_iap/key_table/touch_key_table.c"><Option compilerVer="CC"/></Unit>
<Unit filename="apps/soundbox/board/br23/board_ac6951g/board_ac6951g.c"><Option compilerVer="CC"/></Unit>
<Unit filename="apps/soundbox/board/br23/board_ac6951g/board_ac6951g_cfg.h" />
<Unit filename="apps/soundbox/board/br23/board_ac6951g/key_table/adkey_table.c"><Option compilerVer="CC"/></Unit>
<Unit filename="apps/soundbox/board/br23/board_ac6951g/key_table/iokey_table.c"><Option compilerVer="CC"/></Unit>
<Unit filename="apps/soundbox/board/br23/board_ac6951g/key_table/irkey_table.c"><Option compilerVer="CC"/></Unit>
<Unit filename="apps/soundbox/board/br23/board_ac6951g/key_table/rdec_key_table.c"><Option compilerVer="CC"/></Unit>
<Unit filename="apps/soundbox/board/br23/board_ac6951g/key_table/touch_key_table.c"><Option compilerVer="CC"/></Unit>
<Unit filename="apps/soundbox/board/br23/board_ac6952e_lighter/board_ac6952e_lighter.c"><Option compilerVer="CC"/></Unit>
<Unit filename="apps/soundbox/board/br23/board_ac6952e_lighter/board_ac6952e_lighter_cfg.h" />
<Unit filename="apps/soundbox/board/br23/board_ac6952e_lighter/key_table/adkey_table.c"><Option compilerVer="CC"/></Unit>
<Unit filename="apps/soundbox/board/br23/board_ac6952e_lighter/key_table/iokey_table.c"><Option compilerVer="CC"/></Unit>
<Unit filename="apps/soundbox/board/br23/board_ac6952e_lighter/key_table/irkey_table.c"><Option compilerVer="CC"/></Unit>
<Unit filename="apps/soundbox/board/br23/board_ac6952e_lighter/key_table/rdec_key_table.c"><Option compilerVer="CC"/></Unit>
<Unit filename="apps/soundbox/board/br23/board_ac6952e_lighter/key_table/touch_key_table.c"><Option compilerVer="CC"/></Unit>
<Unit filename="apps/soundbox/board/br23/board_ac6954a_demo/board_ac6954a_demo.c"><Option compilerVer="CC"/></Unit>
<Unit filename="apps/soundbox/board/br23/board_ac6954a_demo/board_ac6954a_demo_cfg.h" />
<Unit filename="apps/soundbox/board/br23/board_ac6954a_demo/key_table/adkey_table.c"><Option compilerVer="CC"/></Unit>
<Unit filename="apps/soundbox/board/br23/board_ac6954a_demo/key_table/iokey_table.c"><Option compilerVer="CC"/></Unit>
<Unit filename="apps/soundbox/board/br23/board_ac6954a_demo/key_table/irkey_table.c"><Option compilerVer="CC"/></Unit>
<Unit filename="apps/soundbox/board/br23/board_ac6954a_demo/key_table/rdec_key_table.c"><Option compilerVer="CC"/></Unit>
<Unit filename="apps/soundbox/board/br23/board_ac6954a_demo/key_table/touch_key_table.c"><Option compilerVer="CC"/></Unit>
<Unit filename="apps/soundbox/board/br23/board_ac6955f_headset_mono/board_ac6955f_headset_mono.c"><Option compilerVer="CC"/></Unit>
<Unit filename="apps/soundbox/board/br23/board_ac6955f_headset_mono/board_ac6955f_headset_mono_cfg.h" />
<Unit filename="apps/soundbox/board/br23/board_ac6955f_headset_mono/key_table/adkey_table.c"><Option compilerVer="CC"/></Unit>
<Unit filename="apps/soundbox/board/br23/board_ac6955f_headset_mono/key_table/iokey_table.c"><Option compilerVer="CC"/></Unit>
<Unit filename="apps/soundbox/board/br23/board_ac6955f_headset_mono/key_table/irkey_table.c"><Option compilerVer="CC"/></Unit>
<Unit filename="apps/soundbox/board/br23/board_ac6955f_headset_mono/key_table/rdec_key_table.c"><Option compilerVer="CC"/></Unit>
<Unit filename="apps/soundbox/board/br23/board_ac6955f_headset_mono/key_table/touch_key_table.c"><Option compilerVer="CC"/></Unit>
<Unit filename="apps/soundbox/board/br23/board_ac695x_btemitter/board_ac695x_btemitter.c"><Option compilerVer="CC"/></Unit>
<Unit filename="apps/soundbox/board/br23/board_ac695x_btemitter/board_ac695x_btemitter.h" />
<Unit filename="apps/soundbox/board/br23/board_ac695x_btemitter/key_table/adkey_table.c"><Option compilerVer="CC"/></Unit>
<Unit filename="apps/soundbox/board/br23/board_ac695x_btemitter/key_table/iokey_table.c"><Option compilerVer="CC"/></Unit>
<Unit filename="apps/soundbox/board/br23/board_ac695x_btemitter/key_table/irkey_table.c"><Option compilerVer="CC"/></Unit>
<Unit filename="apps/soundbox/board/br23/board_ac695x_btemitter/key_table/rdec_key_table.c"><Option compilerVer="CC"/></Unit>
<Unit filename="apps/soundbox/board/br23/board_ac695x_btemitter/key_table/touch_key_table.c"><Option compilerVer="CC"/></Unit>
<Unit filename="apps/soundbox/board/br23/board_ac695x_charging_bin/board_ac695x_charging_bin.c"><Option compilerVer="CC"/></Unit>
<Unit filename="apps/soundbox/board/br23/board_ac695x_charging_bin/board_ac695x_charging_bin.h" />
<Unit filename="apps/soundbox/board/br23/board_ac695x_charging_bin/key_table/adkey_table.c"><Option compilerVer="CC"/></Unit>
<Unit filename="apps/soundbox/board/br23/board_ac695x_charging_bin/key_table/iokey_table.c"><Option compilerVer="CC"/></Unit>
<Unit filename="apps/soundbox/board/br23/board_ac695x_charging_bin/key_table/irkey_table.c"><Option compilerVer="CC"/></Unit>
<Unit filename="apps/soundbox/board/br23/board_ac695x_charging_bin/key_table/rdec_key_table.c"><Option compilerVer="CC"/></Unit>
<Unit filename="apps/soundbox/board/br23/board_ac695x_charging_bin/key_table/touch_key_table.c"><Option compilerVer="CC"/></Unit>
<Unit filename="apps/soundbox/board/br23/board_ac695x_demo/board_ac695x_demo.c"><Option compilerVer="CC"/></Unit>
<Unit filename="apps/soundbox/board/br23/board_ac695x_demo/board_ac695x_demo_cfg.h" />
<Unit filename="apps/soundbox/board/br23/board_ac695x_demo/key_table/adkey_table.c"><Option compilerVer="CC"/></Unit>
<Unit filename="apps/soundbox/board/br23/board_ac695x_demo/key_table/iokey_table.c"><Option compilerVer="CC"/></Unit>
<Unit filename="apps/soundbox/board/br23/board_ac695x_demo/key_table/irkey_table.c"><Option compilerVer="CC"/></Unit>
<Unit filename="apps/soundbox/board/br23/board_ac695x_demo/key_table/rdec_key_table.c"><Option compilerVer="CC"/></Unit>
<Unit filename="apps/soundbox/board/br23/board_ac695x_demo/key_table/touch_key_table.c"><Option compilerVer="CC"/></Unit>
<Unit filename="apps/soundbox/board/br23/board_ac695x_lcd/board_ac695x_lcd.c"><Option compilerVer="CC"/></Unit>
<Unit filename="apps/soundbox/board/br23/board_ac695x_lcd/board_ac695x_lcd_cfg.h" />
<Unit filename="apps/soundbox/board/br23/board_ac695x_lcd/key_table/adkey_table.c"><Option compilerVer="CC"/></Unit>
<Unit filename="apps/soundbox/board/br23/board_ac695x_lcd/key_table/iokey_table.c"><Option compilerVer="CC"/></Unit>
<Unit filename="apps/soundbox/board/br23/board_ac695x_lcd/key_table/irkey_table.c"><Option compilerVer="CC"/></Unit>
<Unit filename="apps/soundbox/board/br23/board_ac695x_lcd/key_table/rdec_key_table.c"><Option compilerVer="CC"/></Unit>
<Unit filename="apps/soundbox/board/br23/board_ac695x_lcd/key_table/touch_key_table.c"><Option compilerVer="CC"/></Unit>
<Unit filename="apps/soundbox/board/br23/board_ac695x_multimedia_charging_bin/board_ac695x_multimedia_charging_bin.c"><Option compilerVer="CC"/></Unit>
<Unit filename="apps/soundbox/board/br23/board_ac695x_multimedia_charging_bin/board_ac695x_multimedia_charging_bin.h" />
<Unit filename="apps/soundbox/board/br23/board_ac695x_multimedia_charging_bin/key_table/adkey_table.c"><Option compilerVer="CC"/></Unit>
<Unit filename="apps/soundbox/board/br23/board_ac695x_multimedia_charging_bin/key_table/iokey_table.c"><Option compilerVer="CC"/></Unit>
<Unit filename="apps/soundbox/board/br23/board_ac695x_multimedia_charging_bin/key_table/irkey_table.c"><Option compilerVer="CC"/></Unit>
<Unit filename="apps/soundbox/board/br23/board_ac695x_multimedia_charging_bin/key_table/rdec_key_table.c"><Option compilerVer="CC"/></Unit>
<Unit filename="apps/soundbox/board/br23/board_ac695x_multimedia_charging_bin/key_table/touch_key_table.c"><Option compilerVer="CC"/></Unit>
<Unit filename="apps/soundbox/board/br23/board_ac695x_smartbox/board_ac695x_smartbox.c"><Option compilerVer="CC"/></Unit>
<Unit filename="apps/soundbox/board/br23/board_ac695x_smartbox/board_ac695x_smartbox.h" />
<Unit filename="apps/soundbox/board/br23/board_ac695x_smartbox/key_table/adkey_table.c"><Option compilerVer="CC"/></Unit>
<Unit filename="apps/soundbox/board/br23/board_ac695x_smartbox/key_table/iokey_table.c"><Option compilerVer="CC"/></Unit>
<Unit filename="apps/soundbox/board/br23/board_ac695x_smartbox/key_table/irkey_table.c"><Option compilerVer="CC"/></Unit>
<Unit filename="apps/soundbox/board/br23/board_ac695x_smartbox/key_table/rdec_key_table.c"><Option compilerVer="CC"/></Unit>
<Unit filename="apps/soundbox/board/br23/board_ac695x_smartbox/key_table/touch_key_table.c"><Option compilerVer="CC"/></Unit>
<Unit filename="apps/soundbox/board/br23/board_ac695x_soundcard/board_ac695x_soundcard.c"><Option compilerVer="CC"/></Unit>
<Unit filename="apps/soundbox/board/br23/board_ac695x_soundcard/board_ac695x_soundcard.h" />
<Unit filename="apps/soundbox/board/br23/board_ac695x_soundcard/key_table/adkey_table.c"><Option compilerVer="CC"/></Unit>
<Unit filename="apps/soundbox/board/br23/board_ac695x_soundcard/key_table/iokey_table.c"><Option compilerVer="CC"/></Unit>
<Unit filename="apps/soundbox/board/br23/board_ac695x_soundcard/key_table/irkey_table.c"><Option compilerVer="CC"/></Unit>
<Unit filename="apps/soundbox/board/br23/board_ac695x_soundcard/key_table/rdec_key_table.c"><Option compilerVer="CC"/></Unit>
<Unit filename="apps/soundbox/board/br23/board_ac695x_soundcard/key_table/touch_key_table.c"><Option compilerVer="CC"/></Unit>
<Unit filename="apps/soundbox/board/br23/board_ac695x_tws/board_ac695x_tws.c"><Option compilerVer="CC"/></Unit>
<Unit filename="apps/soundbox/board/br23/board_ac695x_tws/board_ac695x_tws.h" />
<Unit filename="apps/soundbox/board/br23/board_ac695x_tws/key_table/adkey_table.c"><Option compilerVer="CC"/></Unit>
<Unit filename="apps/soundbox/board/br23/board_ac695x_tws/key_table/iokey_table.c"><Option compilerVer="CC"/></Unit>
<Unit filename="apps/soundbox/board/br23/board_ac695x_tws/key_table/irkey_table.c"><Option compilerVer="CC"/></Unit>
<Unit filename="apps/soundbox/board/br23/board_ac695x_tws/key_table/rdec_key_table.c"><Option compilerVer="CC"/></Unit>
<Unit filename="apps/soundbox/board/br23/board_ac695x_tws/key_table/touch_key_table.c"><Option compilerVer="CC"/></Unit>
<Unit filename="apps/soundbox/board/br23/board_ac695x_tws_box/board_ac695x_tws_box.c"><Option compilerVer="CC"/></Unit>
<Unit filename="apps/soundbox/board/br23/board_ac695x_tws_box/board_ac695x_tws_box.h" />
<Unit filename="apps/soundbox/board/br23/board_ac695x_tws_box/key_table/adkey_table.c"><Option compilerVer="CC"/></Unit>
<Unit filename="apps/soundbox/board/br23/board_ac695x_tws_box/key_table/iokey_table.c"><Option compilerVer="CC"/></Unit>
<Unit filename="apps/soundbox/board/br23/board_ac695x_tws_box/key_table/irkey_table.c"><Option compilerVer="CC"/></Unit>
<Unit filename="apps/soundbox/board/br23/board_ac695x_tws_box/key_table/rdec_key_table.c"><Option compilerVer="CC"/></Unit>
<Unit filename="apps/soundbox/board/br23/board_ac695x_tws_box/key_table/touch_key_table.c"><Option compilerVer="CC"/></Unit>
<Unit filename="apps/soundbox/board/br23/board_config.h" />
<Unit filename="apps/soundbox/board/br23/irq_config.c"><Option compilerVer="CC"/></Unit>
<Unit filename="apps/soundbox/common/dev_status.c"><Option compilerVer="CC"/></Unit>
<Unit filename="apps/soundbox/common/init.c"><Option compilerVer="CC"/></Unit>
<Unit filename="apps/soundbox/common/task_table.c"><Option compilerVer="CC"/></Unit>
<Unit filename="apps/soundbox/common/tone_table.c"><Option compilerVer="CC"/></Unit>
<Unit filename="apps/soundbox/common/user_cfg.c"><Option compilerVer="CC"/></Unit>
<Unit filename="apps/soundbox/font/fontinit.c"><Option compilerVer="CC"/></Unit>
<Unit filename="apps/soundbox/include/aec_user.h" />
<Unit filename="apps/soundbox/include/app_action.h" />
<Unit filename="apps/soundbox/include/app_charge.h" />
<Unit filename="apps/soundbox/include/app_chargestore.h" />
<Unit filename="apps/soundbox/include/app_config.h" />
<Unit filename="apps/soundbox/include/app_main.h" />
<Unit filename="apps/soundbox/include/app_online_cfg.h" />
<Unit filename="apps/soundbox/include/app_power_manage.h" />
<Unit filename="apps/soundbox/include/app_task.h" />
<Unit filename="apps/soundbox/include/common/Resample_api.h" />
<Unit filename="apps/soundbox/include/common/app_common.h" />
<Unit filename="apps/soundbox/include/common/dev_status.h" />
<Unit filename="apps/soundbox/include/common/fm_emitter_led7_ui.h" />
<Unit filename="apps/soundbox/include/common/power_off.h" />
<Unit filename="apps/soundbox/include/common/user_msg.h" />
<Unit filename="apps/soundbox/include/fm_emitter/fm_emitter_manage.h" />
<Unit filename="apps/soundbox/include/key_event_deal.h" />
<Unit filename="apps/soundbox/include/power_on.h" />
<Unit filename="apps/soundbox/include/smartbox/cmd_user.h" />
<Unit filename="apps/soundbox/include/smartbox/command.h" />
<Unit filename="apps/soundbox/include/smartbox/config.h" />
<Unit filename="apps/soundbox/include/smartbox/event.h" />
<Unit filename="apps/soundbox/include/smartbox/feature.h" />
<Unit filename="apps/soundbox/include/smartbox/func_cmd/bt_func.h" />
<Unit filename="apps/soundbox/include/smartbox/func_cmd/fm_func.h" />
<Unit filename="apps/soundbox/include/smartbox/func_cmd/linein_func.h" />
<Unit filename="apps/soundbox/include/smartbox/func_cmd/music_func.h" />
<Unit filename="apps/soundbox/include/smartbox/func_cmd/rtc_func.h" />
<Unit filename="apps/soundbox/include/smartbox/func_cmd_common.h" />
<Unit filename="apps/soundbox/include/smartbox/function.h" />
<Unit filename="apps/soundbox/include/smartbox/smartbox.h" />
<Unit filename="apps/soundbox/include/smartbox/smartbox_task.h" />
<Unit filename="apps/soundbox/include/smartbox/switch_device.h" />
<Unit filename="apps/soundbox/include/soundbox.h" />
<Unit filename="apps/soundbox/include/soundcard/lamp.h" />
<Unit filename="apps/soundbox/include/soundcard/notice.h" />
<Unit filename="apps/soundbox/include/soundcard/peripheral.h" />
<Unit filename="apps/soundbox/include/soundcard/soundcard.h" />
<Unit filename="apps/soundbox/include/task_manager/bt/bt.h" />
<Unit filename="apps/soundbox/include/task_manager/bt/bt_ble.h" />
<Unit filename="apps/soundbox/include/task_manager/bt/bt_emitter.h" />
<Unit filename="apps/soundbox/include/task_manager/bt/bt_tws.h" />
<Unit filename="apps/soundbox/include/task_manager/bt/vol_sync.h" />
<Unit filename="apps/soundbox/include/task_manager/fm/fm.h" />
<Unit filename="apps/soundbox/include/task_manager/fm/fm_api.h" />
<Unit filename="apps/soundbox/include/task_manager/fm/fm_manage.h" />
<Unit filename="apps/soundbox/include/task_manager/fm/fm_rw.h" />
<Unit filename="apps/soundbox/include/task_manager/linein/linein.h" />
<Unit filename="apps/soundbox/include/task_manager/linein/linein_dev.h" />
<Unit filename="apps/soundbox/include/task_manager/music/music.h" />
<Unit filename="apps/soundbox/include/task_manager/music/music_ui.h" />
<Unit filename="apps/soundbox/include/task_manager/pc/pc.h" />
<Unit filename="apps/soundbox/include/task_manager/pc/usb_msd.h" />
<Unit filename="apps/soundbox/include/task_manager/record/record.h" />
<Unit filename="apps/soundbox/include/task_manager/rtc/alarm.h" />
<Unit filename="apps/soundbox/include/task_manager/rtc/rtc_ui.h" />
<Unit filename="apps/soundbox/include/task_manager/sleep/sleep.h" />
<Unit filename="apps/soundbox/include/task_manager/spdif/hdmi_cec.h" />
<Unit filename="apps/soundbox/include/task_manager/spdif/hdmi_cec_api.h" />
<Unit filename="apps/soundbox/include/third_party_profile/dma/dma_app_main.h" />
<Unit filename="apps/soundbox/include/third_party_profile/gma/gma_app_main.h" />
<Unit filename="apps/soundbox/include/tone_player.h" />
<Unit filename="apps/soundbox/include/ui/color_led/color_led.h" />
<Unit filename="apps/soundbox/include/ui/color_led/color_led_app.h" />
<Unit filename="apps/soundbox/include/ui/color_led/color_led_driver.h" />
<Unit filename="apps/soundbox/include/ui/color_led/color_led_table.h" />
<Unit filename="apps/soundbox/include/ui/lcd_seg/lcd_seg3x9_driver.h" />
<Unit filename="apps/soundbox/include/ui/lcd_simple/menu.h" />
<Unit filename="apps/soundbox/include/ui/lcd_simple/ui.h" />
<Unit filename="apps/soundbox/include/ui/lcd_simple/ui_mainmenu.h" />
<Unit filename="apps/soundbox/include/ui/lcd_spi/lcd_drive.h" />
<Unit filename="apps/soundbox/include/ui/led7/led7_driver.h" />
<Unit filename="apps/soundbox/include/ui/res_config.h" />
<Unit filename="apps/soundbox/include/ui/style_led7.h" />
<Unit filename="apps/soundbox/include/ui/ui_api.h" />
<Unit filename="apps/soundbox/include/ui/ui_common.h" />
<Unit filename="apps/soundbox/include/ui/ui_style.h" />
<Unit filename="apps/soundbox/include/ui_manage.h" />
<Unit filename="apps/soundbox/include/user_api/app_status_api.h" />
<Unit filename="apps/soundbox/include/user_api/dev_multiplex_api.h" />
<Unit filename="apps/soundbox/include/user_api/product_info_api.h" />
<Unit filename="apps/soundbox/include/user_cfg_id.h" />
<Unit filename="apps/soundbox/log_config/app_config.c"><Option compilerVer="CC"/></Unit>
<Unit filename="apps/soundbox/log_config/lib_btctrler_config.c"><Option compilerVer="CC"/></Unit>
<Unit filename="apps/soundbox/log_config/lib_btstack_config.c"><Option compilerVer="CC"/></Unit>
<Unit filename="apps/soundbox/log_config/lib_driver_config.c"><Option compilerVer="CC"/></Unit>
<Unit filename="apps/soundbox/log_config/lib_media_config.c"><Option compilerVer="CC"/></Unit>
<Unit filename="apps/soundbox/log_config/lib_system_config.c"><Option compilerVer="CC"/></Unit>
<Unit filename="apps/soundbox/log_config/lib_update_config.c"><Option compilerVer="CC"/></Unit>
<Unit filename="apps/soundbox/power_manage/app_charge.c"><Option compilerVer="CC"/></Unit>
<Unit filename="apps/soundbox/power_manage/app_chargestore.c"><Option compilerVer="CC"/></Unit>
<Unit filename="apps/soundbox/power_manage/app_power_manage.c"><Option compilerVer="CC"/></Unit>
<Unit filename="apps/soundbox/smartbox/browser/browser.c"><Option compilerVer="CC"/></Unit>
<Unit filename="apps/soundbox/smartbox/browser/browser.h" />
<Unit filename="apps/soundbox/smartbox/bt_manage/bt_trans_data/le_smartbox_adv.c"><Option compilerVer="CC"/></Unit>
<Unit filename="apps/soundbox/smartbox/bt_manage/bt_trans_data/le_smartbox_adv.h" />
<Unit filename="apps/soundbox/smartbox/bt_manage/bt_trans_data/le_smartbox_module.c"><Option compilerVer="CC"/></Unit>
<Unit filename="apps/soundbox/smartbox/bt_manage/bt_trans_data/le_smartbox_module.h" />
<Unit filename="apps/soundbox/smartbox/bt_manage/smartbox_bt_manage.c"><Option compilerVer="CC"/></Unit>
<Unit filename="apps/soundbox/smartbox/bt_manage/smartbox_bt_manage.h" />
<Unit filename="apps/soundbox/smartbox/cmd_data_deal/cmd_recieve.c"><Option compilerVer="CC"/></Unit>
<Unit filename="apps/soundbox/smartbox/cmd_data_deal/cmd_recieve_no_respone.c"><Option compilerVer="CC"/></Unit>
<Unit filename="apps/soundbox/smartbox/cmd_data_deal/cmd_respone.c"><Option compilerVer="CC"/></Unit>
<Unit filename="apps/soundbox/smartbox/cmd_data_deal/cmd_user.c"><Option compilerVer="CC"/></Unit>
<Unit filename="apps/soundbox/smartbox/cmd_data_deal/command.c"><Option compilerVer="CC"/></Unit>
<Unit filename="apps/soundbox/smartbox/cmd_data_deal/data_recieve.c"><Option compilerVer="CC"/></Unit>
<Unit filename="apps/soundbox/smartbox/cmd_data_deal/data_recieve_no_respone.c"><Option compilerVer="CC"/></Unit>
<Unit filename="apps/soundbox/smartbox/cmd_data_deal/data_respone.c"><Option compilerVer="CC"/></Unit>
<Unit filename="apps/soundbox/smartbox/config.c"><Option compilerVer="CC"/></Unit>
<Unit filename="apps/soundbox/smartbox/event.c"><Option compilerVer="CC"/></Unit>
<Unit filename="apps/soundbox/smartbox/feature.c"><Option compilerVer="CC"/></Unit>
<Unit filename="apps/soundbox/smartbox/file_transfer/dev_format.c"><Option compilerVer="CC"/></Unit>
<Unit filename="apps/soundbox/smartbox/file_transfer/dev_format.h" />
<Unit filename="apps/soundbox/smartbox/file_transfer/file_delete.c"><Option compilerVer="CC"/></Unit>
<Unit filename="apps/soundbox/smartbox/file_transfer/file_delete.h" />
<Unit filename="apps/soundbox/smartbox/file_transfer/file_transfer.c"><Option compilerVer="CC"/></Unit>
<Unit filename="apps/soundbox/smartbox/file_transfer/file_transfer.h" />
<Unit filename="apps/soundbox/smartbox/func_cmd/bt_func.c"><Option compilerVer="CC"/></Unit>
<Unit filename="apps/soundbox/smartbox/func_cmd/fm_func.c"><Option compilerVer="CC"/></Unit>
<Unit filename="apps/soundbox/smartbox/func_cmd/linein_func.c"><Option compilerVer="CC"/></Unit>
<Unit filename="apps/soundbox/smartbox/func_cmd/music_func.c"><Option compilerVer="CC"/></Unit>
<Unit filename="apps/soundbox/smartbox/func_cmd/rtc_func.c"><Option compilerVer="CC"/></Unit>
<Unit filename="apps/soundbox/smartbox/function.c"><Option compilerVer="CC"/></Unit>
<Unit filename="apps/soundbox/smartbox/smartbox.c"><Option compilerVer="CC"/></Unit>
<Unit filename="apps/soundbox/smartbox/smartbox_rcsp_manage.c"><Option compilerVer="CC"/></Unit>
<Unit filename="apps/soundbox/smartbox/smartbox_rcsp_manage.h" />
<Unit filename="apps/soundbox/smartbox/smartbox_setting/adv_bt_name_setting.c"><Option compilerVer="CC"/></Unit>
<Unit filename="apps/soundbox/smartbox/smartbox_setting/adv_key_setting.c"><Option compilerVer="CC"/></Unit>
<Unit filename="apps/soundbox/smartbox/smartbox_setting/adv_led_setting.c"><Option compilerVer="CC"/></Unit>
<Unit filename="apps/soundbox/smartbox/smartbox_setting/adv_mic_setting.c"><Option compilerVer="CC"/></Unit>
<Unit filename="apps/soundbox/smartbox/smartbox_setting/adv_mic_setting.h" />
<Unit filename="apps/soundbox/smartbox/smartbox_setting/adv_time_stamp_setting.c"><Option compilerVer="CC"/></Unit>
<Unit filename="apps/soundbox/smartbox/smartbox_setting/adv_time_stamp_setting.h" />
<Unit filename="apps/soundbox/smartbox/smartbox_setting/adv_work_setting.c"><Option compilerVer="CC"/></Unit>
<Unit filename="apps/soundbox/smartbox/smartbox_setting/smartbox_color_led_setting.c"><Option compilerVer="CC"/></Unit>
<Unit filename="apps/soundbox/smartbox/smartbox_setting/smartbox_eq_setting.c"><Option compilerVer="CC"/></Unit>
<Unit filename="apps/soundbox/smartbox/smartbox_setting/smartbox_high_low_vol_setting.c"><Option compilerVer="CC"/></Unit>
<Unit filename="apps/soundbox/smartbox/smartbox_setting/smartbox_karaoke_eq_setting.c"><Option compilerVer="CC"/></Unit>
<Unit filename="apps/soundbox/smartbox/smartbox_setting/smartbox_karaoke_setting.c"><Option compilerVer="CC"/></Unit>
<Unit filename="apps/soundbox/smartbox/smartbox_setting/smartbox_misc_setting/smartbox_misc_drc_setting.c"><Option compilerVer="CC"/></Unit>
<Unit filename="apps/soundbox/smartbox/smartbox_setting/smartbox_misc_setting/smartbox_misc_reverbration_setting.c"><Option compilerVer="CC"/></Unit>
<Unit filename="apps/soundbox/smartbox/smartbox_setting/smartbox_misc_setting/smartbox_misc_setting.c"><Option compilerVer="CC"/></Unit>
<Unit filename="apps/soundbox/smartbox/smartbox_setting/smartbox_misc_setting/smartbox_misc_setting.h" />
<Unit filename="apps/soundbox/smartbox/smartbox_setting/smartbox_music_info_setting.c"><Option compilerVer="CC"/></Unit>
<Unit filename="apps/soundbox/smartbox/smartbox_setting/smartbox_music_info_setting.h" />
<Unit filename="apps/soundbox/smartbox/smartbox_setting/smartbox_vol_setting.c"><Option compilerVer="CC"/></Unit>
<Unit filename="apps/soundbox/smartbox/smartbox_setting_opt/smartbox_adv_bluetooth.c"><Option compilerVer="CC"/></Unit>
<Unit filename="apps/soundbox/smartbox/smartbox_setting_opt/smartbox_adv_bluetooth.h" />
<Unit filename="apps/soundbox/smartbox/smartbox_setting_opt/smartbox_setting_opt.c"><Option compilerVer="CC"/></Unit>
<Unit filename="apps/soundbox/smartbox/smartbox_setting_opt/smartbox_setting_opt.h" />
<Unit filename="apps/soundbox/smartbox/smartbox_setting_opt/smartbox_setting_sync.c"><Option compilerVer="CC"/></Unit>
<Unit filename="apps/soundbox/smartbox/smartbox_setting_opt/smartbox_setting_sync.h" />
<Unit filename="apps/soundbox/smartbox/smartbox_task.c"><Option compilerVer="CC"/></Unit>
<Unit filename="apps/soundbox/smartbox/smartbox_update/rcsp_ch_loader_download.c"><Option compilerVer="CC"/></Unit>
<Unit filename="apps/soundbox/smartbox/smartbox_update/smartbox_update.c"><Option compilerVer="CC"/></Unit>
<Unit filename="apps/soundbox/smartbox/smartbox_update/smartbox_update.h" />
<Unit filename="apps/soundbox/smartbox/smartbox_update/smartbox_update_tws.c"><Option compilerVer="CC"/></Unit>
<Unit filename="apps/soundbox/smartbox/smartbox_update/smartbox_update_tws.h" />
<Unit filename="apps/soundbox/smartbox/switch_device.c"><Option compilerVer="CC"/></Unit>
<Unit filename="apps/soundbox/soundcard/lamp.c"><Option compilerVer="CC"/></Unit>
<Unit filename="apps/soundbox/soundcard/notice.c"><Option compilerVer="CC"/></Unit>
<Unit filename="apps/soundbox/soundcard/peripheral.c"><Option compilerVer="CC"/></Unit>
<Unit filename="apps/soundbox/soundcard/soundcard.c"><Option compilerVer="CC"/></Unit>
<Unit filename="apps/soundbox/task_manager/app_common.c"><Option compilerVer="CC"/></Unit>
<Unit filename="apps/soundbox/task_manager/app_task_switch.c"><Option compilerVer="CC"/></Unit>
<Unit filename="apps/soundbox/task_manager/bt/bt.c"><Option compilerVer="CC"/></Unit>
<Unit filename="apps/soundbox/task_manager/bt/bt_ble.c"><Option compilerVer="CC"/></Unit>
<Unit filename="apps/soundbox/task_manager/bt/bt_emitter.c"><Option compilerVer="CC"/></Unit>
<Unit filename="apps/soundbox/task_manager/bt/bt_event_fun.c"><Option compilerVer="CC"/></Unit>
<Unit filename="apps/soundbox/task_manager/bt/bt_key_fun.c"><Option compilerVer="CC"/></Unit>
<Unit filename="apps/soundbox/task_manager/bt/bt_product_test.c"><Option compilerVer="CC"/></Unit>
<Unit filename="apps/soundbox/task_manager/bt/bt_switch_fun.c"><Option compilerVer="CC"/></Unit>
<Unit filename="apps/soundbox/task_manager/bt/bt_tws.c"><Option compilerVer="CC"/></Unit>
<Unit filename="apps/soundbox/task_manager/bt/vol_sync.c"><Option compilerVer="CC"/></Unit>
<Unit filename="apps/soundbox/task_manager/fm/fm.c"><Option compilerVer="CC"/></Unit>
<Unit filename="apps/soundbox/task_manager/fm/fm_api.c"><Option compilerVer="CC"/></Unit>
<Unit filename="apps/soundbox/task_manager/fm/fm_rw.c"><Option compilerVer="CC"/></Unit>
<Unit filename="apps/soundbox/task_manager/idle/idle.c"><Option compilerVer="CC"/></Unit>
<Unit filename="apps/soundbox/task_manager/linein/linein.c"><Option compilerVer="CC"/></Unit>
<Unit filename="apps/soundbox/task_manager/linein/linein_api.c"><Option compilerVer="CC"/></Unit>
<Unit filename="apps/soundbox/task_manager/linein/linein_dev.c"><Option compilerVer="CC"/></Unit>
<Unit filename="apps/soundbox/task_manager/music/music.c"><Option compilerVer="CC"/></Unit>
<Unit filename="apps/soundbox/task_manager/pc/pc.c"><Option compilerVer="CC"/></Unit>
<Unit filename="apps/soundbox/task_manager/power_off/power_off.c"><Option compilerVer="CC"/></Unit>
<Unit filename="apps/soundbox/task_manager/power_on/power_on.c"><Option compilerVer="CC"/></Unit>
<Unit filename="apps/soundbox/task_manager/record/record.c"><Option compilerVer="CC"/></Unit>
<Unit filename="apps/soundbox/task_manager/rtc/alarm_api.c"><Option compilerVer="CC"/></Unit>
<Unit filename="apps/soundbox/task_manager/rtc/alarm_user.c"><Option compilerVer="CC"/></Unit>
<Unit filename="apps/soundbox/task_manager/rtc/rtc.c"><Option compilerVer="CC"/></Unit>
<Unit filename="apps/soundbox/task_manager/rtc/virtual_rtc.c"><Option compilerVer="CC"/></Unit>
<Unit filename="apps/soundbox/task_manager/sleep/sleep.c"><Option compilerVer="CC"/></Unit>
<Unit filename="apps/soundbox/task_manager/spdif/hdmi_cec_drv.c"><Option compilerVer="CC"/></Unit>
<Unit filename="apps/soundbox/task_manager/spdif/spdif.c"><Option compilerVer="CC"/></Unit>
<Unit filename="apps/soundbox/task_manager/task_key.c"><Option compilerVer="CC"/></Unit>
<Unit filename="apps/soundbox/third_party_profile/ancs_client_demo/ancs_client_demo.c"><Option compilerVer="CC"/></Unit>
<Unit filename="apps/soundbox/third_party_profile/dma/dma_app_main.c"><Option compilerVer="CC"/></Unit>
<Unit filename="apps/soundbox/third_party_profile/gma/gma_app_main.c"><Option compilerVer="CC"/></Unit>
<Unit filename="apps/soundbox/third_party_profile/trans_data_demo/trans_data_demo.c"><Option compilerVer="CC"/></Unit>
<Unit filename="apps/soundbox/ui/color_led/color_led_app.c"><Option compilerVer="CC"/></Unit>
<Unit filename="apps/soundbox/ui/color_led/color_led_table.c"><Option compilerVer="CC"/></Unit>
<Unit filename="apps/soundbox/ui/color_led/driver/color_led.c"><Option compilerVer="CC"/></Unit>
<Unit filename="apps/soundbox/ui/color_led/driver/color_led_driver.c"><Option compilerVer="CC"/></Unit>
<Unit filename="apps/soundbox/ui/lcd/STYLE_02/bt_action.c"><Option compilerVer="CC"/></Unit>
<Unit filename="apps/soundbox/ui/lcd/STYLE_02/clock_action.c"><Option compilerVer="CC"/></Unit>
<Unit filename="apps/soundbox/ui/lcd/STYLE_02/file_brower.c"><Option compilerVer="CC"/></Unit>
<Unit filename="apps/soundbox/ui/lcd/STYLE_02/fm_action.c"><Option compilerVer="CC"/></Unit>
<Unit filename="apps/soundbox/ui/lcd/STYLE_02/linein_action.c"><Option compilerVer="CC"/></Unit>
<Unit filename="apps/soundbox/ui/lcd/STYLE_02/music_action.c"><Option compilerVer="CC"/></Unit>
<Unit filename="apps/soundbox/ui/lcd/STYLE_02/record_action.c"><Option compilerVer="CC"/></Unit>
<Unit filename="apps/soundbox/ui/lcd/STYLE_02/system_action.c"><Option compilerVer="CC"/></Unit>
<Unit filename="apps/soundbox/ui/lcd/lyrics_api.c"><Option compilerVer="CC"/></Unit>
<Unit filename="apps/soundbox/ui/lcd/lyrics_api.h" />
<Unit filename="apps/soundbox/ui/lcd/ui_sys_param_api.c"><Option compilerVer="CC"/></Unit>
<Unit filename="apps/soundbox/ui/lcd/ui_sys_param_api.h" />
<Unit filename="apps/soundbox/ui/lcd_simple/my_demo.c"><Option compilerVer="CC"/></Unit>
<Unit filename="apps/soundbox/ui/led/pwm_led_api.c"><Option compilerVer="CC"/></Unit>
<Unit filename="apps/soundbox/ui/led/pwm_led_para_table.c"><Option compilerVer="CC"/></Unit>
<Unit filename="apps/soundbox/ui/led7/ui_bt.c"><Option compilerVer="CC"/></Unit>
<Unit filename="apps/soundbox/ui/led7/ui_common.c"><Option compilerVer="CC"/></Unit>
<Unit filename="apps/soundbox/ui/led7/ui_fm.c"><Option compilerVer="CC"/></Unit>
<Unit filename="apps/soundbox/ui/led7/ui_fm_emitter.c"><Option compilerVer="CC"/></Unit>
<Unit filename="apps/soundbox/ui/led7/ui_idle.c"><Option compilerVer="CC"/></Unit>
<Unit filename="apps/soundbox/ui/led7/ui_linein.c"><Option compilerVer="CC"/></Unit>
<Unit filename="apps/soundbox/ui/led7/ui_music.c"><Option compilerVer="CC"/></Unit>
<Unit filename="apps/soundbox/ui/led7/ui_pc.c"><Option compilerVer="CC"/></Unit>
<Unit filename="apps/soundbox/ui/led7/ui_record.c"><Option compilerVer="CC"/></Unit>
<Unit filename="apps/soundbox/ui/led7/ui_rtc.c"><Option compilerVer="CC"/></Unit>
<Unit filename="apps/soundbox/user_api/app_pwmled_api.c"><Option compilerVer="CC"/></Unit>
<Unit filename="apps/soundbox/user_api/app_record_api.c"><Option compilerVer="CC"/></Unit>
<Unit filename="apps/soundbox/user_api/app_special_play_api.c"><Option compilerVer="CC"/></Unit>
<Unit filename="apps/soundbox/user_api/app_status_api.c"><Option compilerVer="CC"/></Unit>
<Unit filename="apps/soundbox/user_api/dev_multiplex_api.c"><Option compilerVer="CC"/></Unit>
<Unit filename="apps/soundbox/user_api/product_info_api.c"><Option compilerVer="CC"/></Unit>
<Unit filename="apps/soundbox/version.c"><Option compilerVer="CC"/></Unit>
<Unit filename="cpu/br23/adc_api.c"><Option compilerVer="CC"/></Unit>
<Unit filename="cpu/br23/app_timer.c"><Option compilerVer="CC"/></Unit>
<Unit filename="cpu/br23/audio_common/app_audio.c"><Option compilerVer="CC"/></Unit>
<Unit filename="cpu/br23/audio_common/audio_fmtx.c"><Option compilerVer="CC"/></Unit>
<Unit filename="cpu/br23/audio_common/audio_fmtx.h" />
<Unit filename="cpu/br23/audio_common/audio_iis.c"><Option compilerVer="CC"/></Unit>
<Unit filename="cpu/br23/audio_common/audio_iis.h" />
<Unit filename="cpu/br23/audio_common/audio_link.c"><Option compilerVer="CC"/></Unit>
<Unit filename="cpu/br23/audio_common/audio_link.h" />
<Unit filename="cpu/br23/audio_config.h" />
<Unit filename="cpu/br23/audio_dec/audio_dec.c"><Option compilerVer="CC"/></Unit>
<Unit filename="cpu/br23/audio_dec/audio_dec.h" />
<Unit filename="cpu/br23/audio_dec/audio_dec_bt.c"><Option compilerVer="CC"/></Unit>
<Unit filename="cpu/br23/audio_dec/audio_dec_bt.h" />
<Unit filename="cpu/br23/audio_dec/audio_dec_file.c"><Option compilerVer="CC"/></Unit>
<Unit filename="cpu/br23/audio_dec/audio_dec_file.h" />
<Unit filename="cpu/br23/audio_dec/audio_dec_fm.c"><Option compilerVer="CC"/></Unit>
<Unit filename="cpu/br23/audio_dec/audio_dec_fm.h" />
<Unit filename="cpu/br23/audio_dec/audio_dec_linein.c"><Option compilerVer="CC"/></Unit>
<Unit filename="cpu/br23/audio_dec/audio_dec_linein.h" />
<Unit filename="cpu/br23/audio_dec/audio_dec_midi_ctrl.c"><Option compilerVer="CC"/></Unit>
<Unit filename="cpu/br23/audio_dec/audio_dec_midi_ctrl.h" />
<Unit filename="cpu/br23/audio_dec/audio_dec_midi_file.c"><Option compilerVer="CC"/></Unit>
<Unit filename="cpu/br23/audio_dec/audio_dec_pc.c"><Option compilerVer="CC"/></Unit>
<Unit filename="cpu/br23/audio_dec/audio_dec_pc.h" />
<Unit filename="cpu/br23/audio_dec/audio_dec_record.c"><Option compilerVer="CC"/></Unit>
<Unit filename="cpu/br23/audio_dec/audio_dec_record.h" />
<Unit filename="cpu/br23/audio_dec/audio_dec_spdif.c"><Option compilerVer="CC"/></Unit>
<Unit filename="cpu/br23/audio_dec/audio_dec_spdif.h" />
<Unit filename="cpu/br23/audio_dec/audio_dec_tone.c"><Option compilerVer="CC"/></Unit>
<Unit filename="cpu/br23/audio_dec/audio_dec_tone.h" />
<Unit filename="cpu/br23/audio_dec/audio_spectrum.c"><Option compilerVer="CC"/></Unit>
<Unit filename="cpu/br23/audio_dec/audio_spectrum.h" />
<Unit filename="cpu/br23/audio_dec/audio_sync.c"><Option compilerVer="CC"/></Unit>
<Unit filename="cpu/br23/audio_dec/audio_usb_mic.c"><Option compilerVer="CC"/></Unit>
<Unit filename="cpu/br23/audio_dec/tone_player.c"><Option compilerVer="CC"/></Unit>
<Unit filename="cpu/br23/audio_effect/eq_config.c"><Option compilerVer="CC"/></Unit>
<Unit filename="cpu/br23/audio_enc/audio_adc_demo.c"><Option compilerVer="CC"/></Unit>
<Unit filename="cpu/br23/audio_enc/audio_enc.c"><Option compilerVer="CC"/></Unit>
<Unit filename="cpu/br23/audio_enc/audio_enc.h" />
<Unit filename="cpu/br23/audio_enc/audio_enc_file.c"><Option compilerVer="CC"/></Unit>
<Unit filename="cpu/br23/audio_enc/audio_enc_file.h" />
<Unit filename="cpu/br23/audio_enc/audio_enc_recoder.c"><Option compilerVer="CC"/></Unit>
<Unit filename="cpu/br23/audio_enc/audio_enc_recoder.h" />
<Unit filename="cpu/br23/audio_enc/audio_mic_codec.c"><Option compilerVer="CC"/></Unit>
<Unit filename="cpu/br23/audio_enc/audio_recorder_mix.c"><Option compilerVer="CC"/></Unit>
<Unit filename="cpu/br23/audio_enc/audio_recorder_mix.h" />
<Unit filename="cpu/br23/audio_enc/audio_sbc_codec.c"><Option compilerVer="CC"/></Unit>
<Unit filename="cpu/br23/audio_enc/audio_sbc_codec.h" />
<Unit filename="cpu/br23/audio_mic/effect_cfg.c"><Option compilerVer="CC"/></Unit>
<Unit filename="cpu/br23/audio_mic/effect_cfg.h" />
<Unit filename="cpu/br23/audio_mic/effect_debug.c"><Option compilerVer="CC"/></Unit>
<Unit filename="cpu/br23/audio_mic/effect_debug.h" />
<Unit filename="cpu/br23/audio_mic/effect_linein.c"><Option compilerVer="CC"/></Unit>
<Unit filename="cpu/br23/audio_mic/effect_linein.h" />
<Unit filename="cpu/br23/audio_mic/effect_reg.c"><Option compilerVer="CC"/></Unit>
<Unit filename="cpu/br23/audio_mic/effect_reg.h" />
<Unit filename="cpu/br23/audio_mic/effect_reg_echo.c"><Option compilerVer="CC"/></Unit>
<Unit filename="cpu/br23/audio_mic/effect_reg_echo.h" />
<Unit filename="cpu/br23/audio_mic/effect_reg_reverb.c"><Option compilerVer="CC"/></Unit>
<Unit filename="cpu/br23/audio_mic/effect_reg_reverb.h" />
<Unit filename="cpu/br23/audio_mic/effect_stream.c"><Option compilerVer="CC"/></Unit>
<Unit filename="cpu/br23/audio_mic/effect_stream.h" />
<Unit filename="cpu/br23/audio_mic/effect_tool.c"><Option compilerVer="CC"/></Unit>
<Unit filename="cpu/br23/audio_mic/effect_tool.h" />
<Unit filename="cpu/br23/audio_mic/loud_speaker.c"><Option compilerVer="CC"/></Unit>
<Unit filename="cpu/br23/audio_mic/loud_speaker.h" />
<Unit filename="cpu/br23/audio_mic/mic_effect.c"><Option compilerVer="CC"/></Unit>
<Unit filename="cpu/br23/audio_mic/mic_effect.h" />
<Unit filename="cpu/br23/audio_mic/mic_stream.c"><Option compilerVer="CC"/></Unit>
<Unit filename="cpu/br23/audio_mic/mic_stream.h" />
<Unit filename="cpu/br23/charge.c"><Option compilerVer="CC"/></Unit>
<Unit filename="cpu/br23/chargebox_hw.c"><Option compilerVer="CC"/></Unit>
<Unit filename="cpu/br23/chargestore.c"><Option compilerVer="CC"/></Unit>
<Unit filename="cpu/br23/clock_cfg.h" />
<Unit filename="cpu/br23/clock_manager.c"><Option compilerVer="CC"/></Unit>
<Unit filename="cpu/br23/ctmu.c"><Option compilerVer="CC"/></Unit>
<Unit filename="cpu/br23/iic_eeprom_test.c"><Option compilerVer="CC"/></Unit>
<Unit filename="cpu/br23/iic_hw.c"><Option compilerVer="CC"/></Unit>
<Unit filename="cpu/br23/iic_slave_test.c"><Option compilerVer="CC"/></Unit>
<Unit filename="cpu/br23/iic_soft.c"><Option compilerVer="CC"/></Unit>
<Unit filename="cpu/br23/irflt.c"><Option compilerVer="CC"/></Unit>
<Unit filename="cpu/br23/localtws/localtws.c"><Option compilerVer="CC"/></Unit>
<Unit filename="cpu/br23/localtws/localtws.h" />
<Unit filename="cpu/br23/localtws/localtws_dec.c"><Option compilerVer="CC"/></Unit>
<Unit filename="cpu/br23/mcpwm.c"><Option compilerVer="CC"/></Unit>
<Unit filename="cpu/br23/overlay_code.c"><Option compilerVer="CC"/></Unit>
<Unit filename="cpu/br23/overlay_code.h" />
<Unit filename="cpu/br23/plcnt.c"><Option compilerVer="CC"/></Unit>
<Unit filename="cpu/br23/port_wkup.c"><Option compilerVer="CC"/></Unit>
<Unit filename="cpu/br23/pwm_led.c"><Option compilerVer="CC"/></Unit>
<Unit filename="cpu/br23/setup.c"><Option compilerVer="CC"/></Unit>
<Unit filename="cpu/br23/spi.c"><Option compilerVer="CC"/></Unit>
<Unit filename="cpu/br23/spi_test.c"><Option compilerVer="CC"/></Unit>
<Unit filename="cpu/br23/uart_bt_product.c"><Option compilerVer="CC"/></Unit>
<Unit filename="cpu/br23/uart_dev.c"><Option compilerVer="CC"/></Unit>
<Unit filename="cpu/br23/uart_test.c"><Option compilerVer="CC"/></Unit>
<Unit filename="cpu/br23/ui_driver/LED_1888/LED1888.c"><Option compilerVer="CC"/></Unit>
<Unit filename="cpu/br23/ui_driver/LED_1888/LED1888.h" />
<Unit filename="cpu/br23/ui_driver/interface/ui_platform.c"><Option compilerVer="CC"/></Unit>
<Unit filename="cpu/br23/ui_driver/lcd_seg/lcd_seg3x9_driver.c"><Option compilerVer="CC"/></Unit>
<Unit filename="cpu/br23/ui_driver/lcd_seg/lcd_seg3x9_driver_cfg.h" />
<Unit filename="cpu/br23/ui_driver/lcd_spi/lcd_drive.c"><Option compilerVer="CC"/></Unit>
<Unit filename="cpu/br23/ui_driver/lcd_spi/spi_lcd_st7735s.c"><Option compilerVer="CC"/></Unit>
<Unit filename="cpu/br23/ui_driver/lcd_spi/spi_lcd_st7789v.c"><Option compilerVer="CC"/></Unit>
<Unit filename="cpu/br23/ui_driver/lcd_spi/spi_lcd_st7789vw.c"><Option compilerVer="CC"/></Unit>
<Unit filename="cpu/br23/ui_driver/lcd_spi/spi_oled.c"><Option compilerVer="CC"/></Unit>
<Unit filename="cpu/br23/ui_driver/led7/led7_driver.c"><Option compilerVer="CC"/></Unit>
<Unit filename="cpu/br23/ui_driver/led7/led7_driver_cfg.h" />
<Unit filename="cpu/br23/ui_driver/oled/oled.h" />
<Unit filename="cpu/br23/ui_driver/ui_common.c"><Option compilerVer="CC"/></Unit>
<Unit filename="include_lib/btctrler/ble/hci_ll.h" />
<Unit filename="include_lib/btctrler/ble/ll_config.h" />
<Unit filename="include_lib/btctrler/btcontroller_mode.h" />
<Unit filename="include_lib/btctrler/btcontroller_modules.h" />
<Unit filename="include_lib/btctrler/btctrler_task.h" />
<Unit filename="include_lib/btctrler/classic/hci_lmp.h" />
<Unit filename="include_lib/btctrler/classic/lmp_config.h" />
<Unit filename="include_lib/btctrler/classic/tws_api.h" />
<Unit filename="include_lib/btctrler/classic/tws_data_trans.h" />
<Unit filename="include_lib/btctrler/classic/tws_event.h" />
<Unit filename="include_lib/btctrler/classic/tws_local_media_sync.h" />
<Unit filename="include_lib/btctrler/classic/tws_pair.h" />
<Unit filename="include_lib/btctrler/hci_transport.h" />
<Unit filename="include_lib/btctrler/port/br23/btcontroller_config.h" />
<Unit filename="include_lib/btstack/a2dp_media_codec.h" />
<Unit filename="include_lib/btstack/avctp_user.h" />
<Unit filename="include_lib/btstack/bluetooth.h" />
<Unit filename="include_lib/btstack/bt_profile_config.h" />
<Unit filename="include_lib/btstack/btstack_error.h" />
<Unit filename="include_lib/btstack/btstack_event.h" />
<Unit filename="include_lib/btstack/btstack_task.h" />
<Unit filename="include_lib/btstack/btstack_typedef.h" />
<Unit filename="include_lib/btstack/frame_queque.h" />
<Unit filename="include_lib/btstack/le/att.h" />
<Unit filename="include_lib/btstack/le/ble_api.h" />
<Unit filename="include_lib/btstack/le/ble_data_types.h" />
<Unit filename="include_lib/btstack/le/gatt.h" />
<Unit filename="include_lib/btstack/le/le_user.h" />
<Unit filename="include_lib/btstack/le/sm.h" />
<Unit filename="include_lib/btstack/third_party/baidu/dma_protobuf.h" />
<Unit filename="include_lib/btstack/third_party/baidu/dueros_dma.h" />
<Unit filename="include_lib/btstack/third_party/baidu/dueros_dma_pb.h" />
<Unit filename="include_lib/btstack/third_party/baidu/dueros_platform.h" />
<Unit filename="include_lib/btstack/third_party/common/ble_config.h" />
<Unit filename="include_lib/btstack/third_party/common/ble_user.h" />
<Unit filename="include_lib/btstack/third_party/common/btstack_3th_protocol_user.h" />
<Unit filename="include_lib/btstack/third_party/common/spp_config.h" />
<Unit filename="include_lib/btstack/third_party/common/spp_user.h" />
<Unit filename="include_lib/btstack/third_party/rcsp/JL_rcsp_api.h" />
<Unit filename="include_lib/btstack/third_party/rcsp/JL_rcsp_packet.h" />
<Unit filename="include_lib/btstack/third_party/rcsp/JL_rcsp_protocol.h" />
<Unit filename="include_lib/btstack/third_party/rcsp/attr.h" />
<Unit filename="include_lib/driver/cpu/br23/asm/adc_api.h" />
<Unit filename="include_lib/driver/cpu/br23/asm/br23.h" />
<Unit filename="include_lib/driver/cpu/br23/asm/charge.h" />
<Unit filename="include_lib/driver/cpu/br23/asm/chargestore.h" />
<Unit filename="include_lib/driver/cpu/br23/asm/clock.h" />
<Unit filename="include_lib/driver/cpu/br23/asm/clock_define.h" />
<Unit filename="include_lib/driver/cpu/br23/asm/clock_hw.h" />
<Unit filename="include_lib/driver/cpu/br23/asm/cpu.h" />
<Unit filename="include_lib/driver/cpu/br23/asm/crc16.h" />
<Unit filename="include_lib/driver/cpu/br23/asm/csfr.h" />
<Unit filename="include_lib/driver/cpu/br23/asm/ctmu.h" />
<Unit filename="include_lib/driver/cpu/br23/asm/debug.h" />
<Unit filename="include_lib/driver/cpu/br23/asm/efuse.h" />
<Unit filename="include_lib/driver/cpu/br23/asm/fm_inside_api.h" />
<Unit filename="include_lib/driver/cpu/br23/asm/gpio.h" />
<Unit filename="include_lib/driver/cpu/br23/asm/hwi.h" />
<Unit filename="include_lib/driver/cpu/br23/asm/iic_hw.h" />
<Unit filename="include_lib/driver/cpu/br23/asm/iic_soft.h" />
<Unit filename="include_lib/driver/cpu/br23/asm/iis.h" />
<Unit filename="include_lib/driver/cpu/br23/asm/includes.h" />
<Unit filename="include_lib/driver/cpu/br23/asm/irflt.h" />
<Unit filename="include_lib/driver/cpu/br23/asm/irq.h" />
<Unit filename="include_lib/driver/cpu/br23/asm/mcpwm.h" />
<Unit filename="include_lib/driver/cpu/br23/asm/plcnt.h" />
<Unit filename="include_lib/driver/cpu/br23/asm/power/p33.h" />
<Unit filename="include_lib/driver/cpu/br23/asm/power_interface.h" />
<Unit filename="include_lib/driver/cpu/br23/asm/pwm_led.h" />
<Unit filename="include_lib/driver/cpu/br23/asm/rdec.h" />
<Unit filename="include_lib/driver/cpu/br23/asm/rtc.h" />
<Unit filename="include_lib/driver/cpu/br23/asm/sdmmc.h" />
<Unit filename="include_lib/driver/cpu/br23/asm/spi.h" />
<Unit filename="include_lib/driver/cpu/br23/asm/spiflash.h" />
<Unit filename="include_lib/driver/cpu/br23/asm/timer.h" />
<Unit filename="include_lib/driver/cpu/br23/asm/uart.h" />
<Unit filename="include_lib/driver/cpu/br23/asm/uart_dev.h" />
<Unit filename="include_lib/driver/cpu/br23/asm/usb.h" />
<Unit filename="include_lib/driver/cpu/br23/asm/wdt.h" />
<Unit filename="include_lib/driver/device/chargebox.h" />
<Unit filename="include_lib/driver/device/sdio_host_init.h" />
<Unit filename="include_lib/driver/device/sdmmc.h" />
<Unit filename="include_lib/driver/device/spiflash.h" />
<Unit filename="include_lib/driver/device/uart.h" />
<Unit filename="include_lib/driver/device/usb/ch9.h" />
<Unit filename="include_lib/driver/device/usb/device/descriptor.h" />
<Unit filename="include_lib/driver/device/usb/device/hid.h" />
<Unit filename="include_lib/driver/device/usb/device/msd.h" />
<Unit filename="include_lib/driver/device/usb/device/uac_audio.h" />
<Unit filename="include_lib/driver/device/usb/device/usb_stack.h" />
<Unit filename="include_lib/driver/device/usb/host/usb_host.h" />
<Unit filename="include_lib/driver/device/usb/otg.h" />
<Unit filename="include_lib/driver/device/usb/scsi.h" />
<Unit filename="include_lib/driver/device/usb/usb_phy.h" />
<Unit filename="include_lib/driver/device/wireless_charge.h" />
<Unit filename="include_lib/media/audio_stream.h" />
<Unit filename="include_lib/media/localtws_decoder.h" />
<Unit filename="include_lib/media/media_develop/media/MIDI_CTRL_API.h" />
<Unit filename="include_lib/media/media_develop/media/MIDI_DEC_API.h" />
<Unit filename="include_lib/media/media_develop/media/PLC.h" />
<Unit filename="include_lib/media/media_develop/media/a2dp_decoder.h" />
<Unit filename="include_lib/media/media_develop/media/apple_dock/iAP.h" />
<Unit filename="include_lib/media/media_develop/media/apple_dock/iAP2.h" />
<Unit filename="include_lib/media/media_develop/media/apple_dock/iAP_device.h" />
<Unit filename="include_lib/media/media_develop/media/apple_dock/iAP_iic.h" />
<Unit filename="include_lib/media/media_develop/media/application/audio_bfilt.h" />
<Unit filename="include_lib/media/media_develop/media/application/audio_buf_sync.h" />
<Unit filename="include_lib/media/media_develop/media/application/audio_dec_app.h" />
<Unit filename="include_lib/media/media_develop/media/application/audio_dig_vol.h" />
<Unit filename="include_lib/media/media_develop/media/application/audio_drc.h" />
<Unit filename="include_lib/media/media_develop/media/application/audio_echo_reverb.h" />
<Unit filename="include_lib/media/media_develop/media/application/audio_echo_src.h" />
<Unit filename="include_lib/media/media_develop/media/application/audio_energy_detect.h" />
<Unit filename="include_lib/media/media_develop/media/application/audio_eq.h" />
<Unit filename="include_lib/media/media_develop/media/application/audio_eq_drc_apply.h" />
<Unit filename="include_lib/media/media_develop/media/application/audio_equalloudness.h" />
<Unit filename="include_lib/media/media_develop/media/application/audio_equalloudness_eq.h" />
<Unit filename="include_lib/media/media_develop/media/application/audio_howling.h" />
<Unit filename="include_lib/media/media_develop/media/application/audio_localtws.h" />
<Unit filename="include_lib/media/media_develop/media/application/audio_noisegate.h" />
<Unit filename="include_lib/media/media_develop/media/application/audio_output_dac.h" />
<Unit filename="include_lib/media/media_develop/media/application/audio_pemafrow.h" />
<Unit filename="include_lib/media/media_develop/media/application/audio_pitch.h" />
<Unit filename="include_lib/media/media_develop/media/application/audio_pitchspeed.h" />
<Unit filename="include_lib/media/media_develop/media/application/audio_surround.h" />
<Unit filename="include_lib/media/media_develop/media/application/audio_vbass.h" />
<Unit filename="include_lib/media/media_develop/media/application/audio_vocal_remove.h" />
<Unit filename="include_lib/media/media_develop/media/application/audio_vocal_tract_synthesis.h" />
<Unit filename="include_lib/media/media_develop/media/application/eq_config.h" />
<Unit filename="include_lib/media/media_develop/media/application/filtparm_api.h" />
<Unit filename="include_lib/media/media_develop/media/application/reverb_api.h" />
<Unit filename="include_lib/media/media_develop/media/audio_base.h" />
<Unit filename="include_lib/media/media_develop/media/audio_cfifo.h" />
<Unit filename="include_lib/media/media_develop/media/audio_decoder.h" />
<Unit filename="include_lib/media/media_develop/media/audio_encoder.h" />
<Unit filename="include_lib/media/media_develop/media/audio_resample.h" />
<Unit filename="include_lib/media/media_develop/media/audio_splicing.h" />
<Unit filename="include_lib/media/media_develop/media/audio_track.h" />
<Unit filename="include_lib/media/media_develop/media/automute.h" />
<Unit filename="include_lib/media/media_develop/media/channel_switch.h" />
<Unit filename="include_lib/media/media_develop/media/cpu/br23/asm/Resample_api.h" />
<Unit filename="include_lib/media/media_develop/media/cpu/br23/asm/audio_adc.h" />
<Unit filename="include_lib/media/media_develop/media/cpu/br23/asm/audio_iis.h" />
<Unit filename="include_lib/media/media_develop/media/cpu/br23/asm/audio_linein.h" />
<Unit filename="include_lib/media/media_develop/media/cpu/br23/asm/audio_spdif.h" />
<Unit filename="include_lib/media/media_develop/media/cpu/br23/asm/audio_src.h" />
<Unit filename="include_lib/media/media_develop/media/cpu/br23/asm/audio_sync.h" />
<Unit filename="include_lib/media/media_develop/media/cpu/br23/asm/cpu_includes.h" />
<Unit filename="include_lib/media/media_develop/media/cpu/br23/asm/dac.h" />
<Unit filename="include_lib/media/media_develop/media/cpu/br23/asm/howling_api.h" />
<Unit filename="include_lib/media/media_develop/media/cpu/br23/asm/howling_pitchshifter_api.h" />
<Unit filename="include_lib/media/media_develop/media/cpu/br23/asm/hw_eq.h" />
<Unit filename="include_lib/media/media_develop/media/cpu/br23/asm/noisegate_api.h" />
<Unit filename="include_lib/media/media_develop/media/cpu/br23/asm/pemafrow_api.h" />
<Unit filename="include_lib/media/media_develop/media/cpu/br23/asm/ps_cal_api.h" />
<Unit filename="include_lib/media/media_develop/media/cpu/br23/commproc.h" />
<Unit filename="include_lib/media/media_develop/media/cpu/br23/mono2stereo/reverb_mono2stero_api.h" />
<Unit filename="include_lib/media/media_develop/media/cpu/br23/pitchshifter/pitchshifter_api.h" />
<Unit filename="include_lib/media/media_develop/media/effectrs_sync.h" />
<Unit filename="include_lib/media/media_develop/media/equalloudness/loudness_api.h" />
<Unit filename="include_lib/media/media_develop/media/esco_decoder.h" />
<Unit filename="include_lib/media/media_develop/media/file_decoder.h" />
<Unit filename="include_lib/media/media_develop/media/includes.h" />
<Unit filename="include_lib/media/media_develop/media/midi_ctrl_decoder.h" />
<Unit filename="include_lib/media/media_develop/media/mixer.h" />
<Unit filename="include_lib/media/media_develop/media/mixer_cyclic.h" />
<Unit filename="include_lib/media/media_develop/media/pcm_decoder.h" />
<Unit filename="include_lib/media/media_develop/media/sbc_enc.h" />
<Unit filename="include_lib/media/media_develop/media/spectrum/SpectrumShow_api.h" />
<Unit filename="include_lib/media/media_develop/media/spectrum/coeff_calculate_api.h" />
<Unit filename="include_lib/media/media_develop/media/spectrum/rms_api.h" />
<Unit filename="include_lib/media/media_develop/media/spectrum/spectrum_eq.h" />
<Unit filename="include_lib/media/media_develop/media/spectrum/spectrum_fft.h" />
<Unit filename="include_lib/media/media_develop/media/surround/effect_sur_api.h" />
<Unit filename="include_lib/media/media_develop/media/sw_drc.h" />
<Unit filename="include_lib/media/media_develop/media/vbass/vbass_api.h" />
<Unit filename="include_lib/system/app_core.h" />
<Unit filename="include_lib/system/app_msg.h" />
<Unit filename="include_lib/system/bank_switch.h" />
<Unit filename="include_lib/system/boot.h" />
<Unit filename="include_lib/system/config/config_interface.h" />
<Unit filename="include_lib/system/config/config_target.h" />
<Unit filename="include_lib/system/config/config_transport.h" />
<Unit filename="include_lib/system/crypto_toolbox/Crypto_hash.h" />
<Unit filename="include_lib/system/crypto_toolbox/aes_cmac.h" />
<Unit filename="include_lib/system/crypto_toolbox/bigint.h" />
<Unit filename="include_lib/system/crypto_toolbox/bigint_impl.h" />
<Unit filename="include_lib/system/crypto_toolbox/crypto.h" />
<Unit filename="include_lib/system/crypto_toolbox/ecdh.h" />
<Unit filename="include_lib/system/crypto_toolbox/endian.h" />
<Unit filename="include_lib/system/crypto_toolbox/hmac.h" />
<Unit filename="include_lib/system/crypto_toolbox/micro-ecc/uECC_new.h" />
<Unit filename="include_lib/system/crypto_toolbox/rijndael.h" />
<Unit filename="include_lib/system/crypto_toolbox/sha256.h" />
<Unit filename="include_lib/system/database.h" />
<Unit filename="include_lib/system/debug.h" />
<Unit filename="include_lib/system/device/adkey.h" />
<Unit filename="include_lib/system/device/device.h" />
<Unit filename="include_lib/system/device/device_drive.h" />
<Unit filename="include_lib/system/device/includes.h" />
<Unit filename="include_lib/system/device/ioctl_cmds.h" />
<Unit filename="include_lib/system/device/iokey.h" />
<Unit filename="include_lib/system/device/irkey.h" />
<Unit filename="include_lib/system/device/key_driver.h" />
<Unit filename="include_lib/system/device/rdec_key.h" />
<Unit filename="include_lib/system/device/slidekey.h" />
<Unit filename="include_lib/system/device/touch_key.h" />
<Unit filename="include_lib/system/device/vm.h" />
<Unit filename="include_lib/system/event.h" />
<Unit filename="include_lib/system/fs/fs.h" />
<Unit filename="include_lib/system/fs/fs_file_name.h" />
<Unit filename="include_lib/system/fs/sdfile.h" />
<Unit filename="include_lib/system/fs/virfat_flash.h" />
<Unit filename="include_lib/system/generic/ascii.h" />
<Unit filename="include_lib/system/generic/atomic.h" />
<Unit filename="include_lib/system/generic/circular_buf.h" />
<Unit filename="include_lib/system/generic/cpu.h" />
<Unit filename="include_lib/system/generic/debug_lite.h" />
<Unit filename="include_lib/system/generic/errno-base.h" />
<Unit filename="include_lib/system/generic/gpio.h" />
<Unit filename="include_lib/system/generic/includes.h" />
<Unit filename="include_lib/system/generic/index.h" />
<Unit filename="include_lib/system/generic/ioctl.h" />
<Unit filename="include_lib/system/generic/irq.h" />
<Unit filename="include_lib/system/generic/jiffies.h" />
<Unit filename="include_lib/system/generic/lbuf.h" />
<Unit filename="include_lib/system/generic/lbuf_lite.h" />
<Unit filename="include_lib/system/generic/list.h" />
<Unit filename="include_lib/system/generic/log.h" />
<Unit filename="include_lib/system/generic/printf.h" />
<Unit filename="include_lib/system/generic/rect.h" />
<Unit filename="include_lib/system/generic/typedef.h" />
<Unit filename="include_lib/system/generic/version.h" />
<Unit filename="include_lib/system/includes.h" />
<Unit filename="include_lib/system/init.h" />
<Unit filename="include_lib/system/malloc.h" />
<Unit filename="include_lib/system/os/FreeRTOS/FreeRTOS.h" />
<Unit filename="include_lib/system/os/FreeRTOS/FreeRTOSConfig.h" />
<Unit filename="include_lib/system/os/FreeRTOS/deprecated_definitions.h" />
<Unit filename="include_lib/system/os/FreeRTOS/list.h" />
<Unit filename="include_lib/system/os/FreeRTOS/mpu_wrappers.h" />
<Unit filename="include_lib/system/os/FreeRTOS/pi32v2/portmacro.h" />
<Unit filename="include_lib/system/os/FreeRTOS/portable.h" />
<Unit filename="include_lib/system/os/FreeRTOS/projdefs.h" />
<Unit filename="include_lib/system/os/FreeRTOS/queue.h" />
<Unit filename="include_lib/system/os/FreeRTOS/semphr.h" />
<Unit filename="include_lib/system/os/FreeRTOS/task.h" />
<Unit filename="include_lib/system/os/os_api.h" />
<Unit filename="include_lib/system/os/os_cpu.h" />
<Unit filename="include_lib/system/os/os_error.h" />
<Unit filename="include_lib/system/os/os_type.h" />
<Unit filename="include_lib/system/power_manage.h" />
<Unit filename="include_lib/system/server/server_core.h" />
<Unit filename="include_lib/system/spi/nor_fs.h" />
<Unit filename="include_lib/system/spinlock.h" />
<Unit filename="include_lib/system/sys_time.h" />
<Unit filename="include_lib/system/syscfg_id.h" />
<Unit filename="include_lib/system/task.h" />
<Unit filename="include_lib/system/timer.h" />
<Unit filename="include_lib/system/ui/font/font_all.h" />
<Unit filename="include_lib/system/ui/font/font_sdfs.h" />
<Unit filename="include_lib/system/ui/font/font_textout.h" />
<Unit filename="include_lib/system/ui/font/language_list.h" />
<Unit filename="include_lib/system/ui/includes.h" />
<Unit filename="include_lib/system/ui/res/font_ascii.h" />
<Unit filename="include_lib/system/ui/res/resfile.h" />
<Unit filename="include_lib/system/ui/res/rle.h" />
<Unit filename="include_lib/system/ui/ui/control.h" />
<Unit filename="include_lib/system/ui/ui/layer.h" />
<Unit filename="include_lib/system/ui/ui/layout.h" />
<Unit filename="include_lib/system/ui/ui/lyrics.h" />
<Unit filename="include_lib/system/ui/ui/p.h" />
<Unit filename="include_lib/system/ui/ui/ui.h" />
<Unit filename="include_lib/system/ui/ui/ui_battery.h" />
<Unit filename="include_lib/system/ui/ui/ui_browser.h" />
<Unit filename="include_lib/system/ui/ui/ui_button.h" />
<Unit filename="include_lib/system/ui/ui/ui_camera.h" />
<Unit filename="include_lib/system/ui/ui/ui_core.h" />
<Unit filename="include_lib/system/ui/ui/ui_grid.h" />
<Unit filename="include_lib/system/ui/ui/ui_number.h" />
<Unit filename="include_lib/system/ui/ui/ui_pic.h" />
<Unit filename="include_lib/system/ui/ui/ui_progress.h" />
<Unit filename="include_lib/system/ui/ui/ui_progress_multi.h" />
<Unit filename="include_lib/system/ui/ui/ui_rotate.h" />
<Unit filename="include_lib/system/ui/ui/ui_slider.h" />
<Unit filename="include_lib/system/ui/ui/ui_slider_vert.h" />
<Unit filename="include_lib/system/ui/ui/ui_text.h" />
<Unit filename="include_lib/system/ui/ui/ui_time.h" />
<Unit filename="include_lib/system/ui/ui/ui_watch.h" />
<Unit filename="include_lib/system/ui/ui/window.h" />
<Unit filename="include_lib/system/ui/ui_simple/ui_res.h" />
<Unit filename="include_lib/system/user_cfg.h" />
<Unit filename="include_lib/system/wait.h" />
<Unit filename="include_lib/update/dual_bank_updata_api.h" />
<Unit filename="include_lib/update/uart_update.h" />
<Unit filename="include_lib/update/update.h" />
<Unit filename="include_lib/update/update_loader_download.h" />
</Project>
</CodeBlocks_project_file>
